// !$*UTF8*$!
{
	archiveVersion = 1;
	classes = {
	};
	objectVersion = 46;
	objects = {

/* Begin PBXBuildFile section */
		B70852BF1749156F00453705 /* CuriousFrog.jpg in Resources */ = {isa = PBXBuildFile; fileRef = B70852B51749156E00453705 /* CuriousFrog.jpg */; };
		B70852C01749156F00453705 /* LeggyFrog.jpg in Resources */ = {isa = PBXBuildFile; fileRef = B70852B61749156E00453705 /* LeggyFrog.jpg */; };
		B70852C11749156F00453705 /* PeeringFrog.jpg in Resources */ = {isa = PBXBuildFile; fileRef = B70852B71749156E00453705 /* PeeringFrog.jpg */; };
		B70852C21749156F00453705 /* ImageData.plist in Resources */ = {isa = PBXBuildFile; fileRef = B70852B81749156F00453705 /* ImageData.plist */; };
		B70852C31749156F00453705 /* ImageScrollView.m in Sources */ = {isa = PBXBuildFile; fileRef = B70852BA1749156F00453705 /* ImageScrollView.m */; };
		B70852C41749156F00453705 /* PhotoViewController.m in Sources */ = {isa = PBXBuildFile; fileRef = B70852BC1749156F00453705 /* PhotoViewController.m */; };
		B70852C51749156F00453705 /* TilingView.m in Sources */ = {isa = PBXBuildFile; fileRef = B70852BE1749156F00453705 /* TilingView.m */; };
		B70852C817491BB400453705 /* UTImagePageViewController.m in Sources */ = {isa = PBXBuildFile; fileRef = B70852C717491BB400453705 /* UTImagePageViewController.m */; };
		B70852CA17491F0C00453705 /* button_cancel.png in Resources */ = {isa = PBXBuildFile; fileRef = B70852C917491F0C00453705 /* button_cancel.png */; };
		B72FE52517416BEC00964DC4 /* UIKit.framework in Frameworks */ = {isa = PBXBuildFile; fileRef = B72FE52417416BEC00964DC4 /* UIKit.framework */; };
		B72FE52717416BEC00964DC4 /* Foundation.framework in Frameworks */ = {isa = PBXBuildFile; fileRef = B72FE52617416BEC00964DC4 /* Foundation.framework */; };
		B72FE52917416BEC00964DC4 /* CoreGraphics.framework in Frameworks */ = {isa = PBXBuildFile; fileRef = B72FE52817416BEC00964DC4 /* CoreGraphics.framework */; };
		B72FE52F17416BEC00964DC4 /* InfoPlist.strings in Resources */ = {isa = PBXBuildFile; fileRef = B72FE52D17416BEC00964DC4 /* InfoPlist.strings */; };
		B72FE53117416BEC00964DC4 /* main.m in Sources */ = {isa = PBXBuildFile; fileRef = B72FE53017416BEC00964DC4 /* main.m */; };
		B72FE53517416BEC00964DC4 /* UTAppDelegate.m in Sources */ = {isa = PBXBuildFile; fileRef = B72FE53417416BEC00964DC4 /* UTAppDelegate.m */; };
		B72FE53717416BEC00964DC4 /* Default.png in Resources */ = {isa = PBXBuildFile; fileRef = B72FE53617416BEC00964DC4 /* Default.png */; };
		B72FE53917416BEC00964DC4 /* Default@2x.png in Resources */ = {isa = PBXBuildFile; fileRef = B72FE53817416BEC00964DC4 /* Default@2x.png */; };
		B72FE53B17416BEC00964DC4 /* Default-568h@2x.png in Resources */ = {isa = PBXBuildFile; fileRef = B72FE53A17416BEC00964DC4 /* Default-568h@2x.png */; };
		B72FE53E17416BEC00964DC4 /* MainStoryboard.storyboard in Resources */ = {isa = PBXBuildFile; fileRef = B72FE53C17416BEC00964DC4 /* MainStoryboard.storyboard */; };
		B72FE5FA17416F4C00964DC4 /* event-1-1.jpg in Resources */ = {isa = PBXBuildFile; fileRef = B72FE54C17416F4B00964DC4 /* event-1-1.jpg */; };
		B72FE5FB17416F4C00964DC4 /* event-1-10.jpg in Resources */ = {isa = PBXBuildFile; fileRef = B72FE54D17416F4B00964DC4 /* event-1-10.jpg */; };
		B72FE5FC17416F4C00964DC4 /* event-1-2.jpg in Resources */ = {isa = PBXBuildFile; fileRef = B72FE54E17416F4B00964DC4 /* event-1-2.jpg */; };
		B72FE5FD17416F4C00964DC4 /* event-1-3.jpg in Resources */ = {isa = PBXBuildFile; fileRef = B72FE54F17416F4B00964DC4 /* event-1-3.jpg */; };
		B72FE5FE17416F4C00964DC4 /* event-1-4.jpg in Resources */ = {isa = PBXBuildFile; fileRef = B72FE55017416F4B00964DC4 /* event-1-4.jpg */; };
		B72FE5FF17416F4C00964DC4 /* event-1-5.jpg in Resources */ = {isa = PBXBuildFile; fileRef = B72FE55117416F4B00964DC4 /* event-1-5.jpg */; };
		B72FE60017416F4C00964DC4 /* event-1-6.jpg in Resources */ = {isa = PBXBuildFile; fileRef = B72FE55217416F4B00964DC4 /* event-1-6.jpg */; };
		B72FE60117416F4C00964DC4 /* event-1-7.jpg in Resources */ = {isa = PBXBuildFile; fileRef = B72FE55317416F4B00964DC4 /* event-1-7.jpg */; };
		B72FE60217416F4C00964DC4 /* event-1-8.jpg in Resources */ = {isa = PBXBuildFile; fileRef = B72FE55417416F4B00964DC4 /* event-1-8.jpg */; };
		B72FE60317416F4C00964DC4 /* event-1-9.jpg in Resources */ = {isa = PBXBuildFile; fileRef = B72FE55517416F4B00964DC4 /* event-1-9.jpg */; };
		B72FE60417416F4C00964DC4 /* event-10-1.jpg in Resources */ = {isa = PBXBuildFile; fileRef = B72FE55717416F4B00964DC4 /* event-10-1.jpg */; };
		B72FE60517416F4C00964DC4 /* event-10-10.jpg in Resources */ = {isa = PBXBuildFile; fileRef = B72FE55817416F4B00964DC4 /* event-10-10.jpg */; };
		B72FE60617416F4C00964DC4 /* event-10-2.jpg in Resources */ = {isa = PBXBuildFile; fileRef = B72FE55917416F4B00964DC4 /* event-10-2.jpg */; };
		B72FE60717416F4C00964DC4 /* event-10-3.jpg in Resources */ = {isa = PBXBuildFile; fileRef = B72FE55A17416F4B00964DC4 /* event-10-3.jpg */; };
		B72FE60817416F4C00964DC4 /* event-10-4.jpg in Resources */ = {isa = PBXBuildFile; fileRef = B72FE55B17416F4B00964DC4 /* event-10-4.jpg */; };
		B72FE60917416F4C00964DC4 /* event-10-5.jpg in Resources */ = {isa = PBXBuildFile; fileRef = B72FE55C17416F4B00964DC4 /* event-10-5.jpg */; };
		B72FE60A17416F4C00964DC4 /* event-10-6.jpg in Resources */ = {isa = PBXBuildFile; fileRef = B72FE55D17416F4B00964DC4 /* event-10-6.jpg */; };
		B72FE60B17416F4C00964DC4 /* event-10-7.jpg in Resources */ = {isa = PBXBuildFile; fileRef = B72FE55E17416F4B00964DC4 /* event-10-7.jpg */; };
		B72FE60C17416F4C00964DC4 /* event-10-8.jpg in Resources */ = {isa = PBXBuildFile; fileRef = B72FE55F17416F4B00964DC4 /* event-10-8.jpg */; };
		B72FE60D17416F4C00964DC4 /* event-10-9.jpg in Resources */ = {isa = PBXBuildFile; fileRef = B72FE56017416F4B00964DC4 /* event-10-9.jpg */; };
		B72FE60E17416F4C00964DC4 /* event-11-1.jpg in Resources */ = {isa = PBXBuildFile; fileRef = B72FE56217416F4B00964DC4 /* event-11-1.jpg */; };
		B72FE60F17416F4C00964DC4 /* event-11-10.jpg in Resources */ = {isa = PBXBuildFile; fileRef = B72FE56317416F4B00964DC4 /* event-11-10.jpg */; };
		B72FE61017416F4C00964DC4 /* event-11-2.jpg in Resources */ = {isa = PBXBuildFile; fileRef = B72FE56417416F4B00964DC4 /* event-11-2.jpg */; };
		B72FE61117416F4C00964DC4 /* event-11-3.jpg in Resources */ = {isa = PBXBuildFile; fileRef = B72FE56517416F4B00964DC4 /* event-11-3.jpg */; };
		B72FE61217416F4C00964DC4 /* event-11-4.jpg in Resources */ = {isa = PBXBuildFile; fileRef = B72FE56617416F4B00964DC4 /* event-11-4.jpg */; };
		B72FE61317416F4C00964DC4 /* event-11-5.jpg in Resources */ = {isa = PBXBuildFile; fileRef = B72FE56717416F4B00964DC4 /* event-11-5.jpg */; };
		B72FE61417416F4C00964DC4 /* event-11-6.jpg in Resources */ = {isa = PBXBuildFile; fileRef = B72FE56817416F4B00964DC4 /* event-11-6.jpg */; };
		B72FE61517416F4C00964DC4 /* event-11-7.jpg in Resources */ = {isa = PBXBuildFile; fileRef = B72FE56917416F4B00964DC4 /* event-11-7.jpg */; };
		B72FE61617416F4C00964DC4 /* event-11-8.jpg in Resources */ = {isa = PBXBuildFile; fileRef = B72FE56A17416F4B00964DC4 /* event-11-8.jpg */; };
		B72FE61717416F4C00964DC4 /* event-11-9.jpg in Resources */ = {isa = PBXBuildFile; fileRef = B72FE56B17416F4B00964DC4 /* event-11-9.jpg */; };
		B72FE61817416F4C00964DC4 /* event-12-1.jpg in Resources */ = {isa = PBXBuildFile; fileRef = B72FE56D17416F4B00964DC4 /* event-12-1.jpg */; };
		B72FE61917416F4C00964DC4 /* event-12-10.jpg in Resources */ = {isa = PBXBuildFile; fileRef = B72FE56E17416F4B00964DC4 /* event-12-10.jpg */; };
		B72FE61A17416F4C00964DC4 /* event-12-2.jpg in Resources */ = {isa = PBXBuildFile; fileRef = B72FE56F17416F4B00964DC4 /* event-12-2.jpg */; };
		B72FE61B17416F4C00964DC4 /* event-12-3.jpg in Resources */ = {isa = PBXBuildFile; fileRef = B72FE57017416F4B00964DC4 /* event-12-3.jpg */; };
		B72FE61C17416F4C00964DC4 /* event-12-4.jpg in Resources */ = {isa = PBXBuildFile; fileRef = B72FE57117416F4B00964DC4 /* event-12-4.jpg */; };
		B72FE61D17416F4C00964DC4 /* event-12-5.jpg in Resources */ = {isa = PBXBuildFile; fileRef = B72FE57217416F4B00964DC4 /* event-12-5.jpg */; };
		B72FE61E17416F4C00964DC4 /* event-12-6.jpg in Resources */ = {isa = PBXBuildFile; fileRef = B72FE57317416F4B00964DC4 /* event-12-6.jpg */; };
		B72FE61F17416F4C00964DC4 /* event-12-7.jpg in Resources */ = {isa = PBXBuildFile; fileRef = B72FE57417416F4B00964DC4 /* event-12-7.jpg */; };
		B72FE62017416F4C00964DC4 /* event-12-8.jpg in Resources */ = {isa = PBXBuildFile; fileRef = B72FE57517416F4B00964DC4 /* event-12-8.jpg */; };
		B72FE62117416F4C00964DC4 /* event-12-9.jpg in Resources */ = {isa = PBXBuildFile; fileRef = B72FE57617416F4B00964DC4 /* event-12-9.jpg */; };
		B72FE62217416F4C00964DC4 /* event-2-1.jpg in Resources */ = {isa = PBXBuildFile; fileRef = B72FE57817416F4B00964DC4 /* event-2-1.jpg */; };
		B72FE62317416F4C00964DC4 /* event-2-10.jpg in Resources */ = {isa = PBXBuildFile; fileRef = B72FE57917416F4B00964DC4 /* event-2-10.jpg */; };
		B72FE62417416F4C00964DC4 /* event-2-2.jpg in Resources */ = {isa = PBXBuildFile; fileRef = B72FE57A17416F4B00964DC4 /* event-2-2.jpg */; };
		B72FE62517416F4C00964DC4 /* event-2-3.jpg in Resources */ = {isa = PBXBuildFile; fileRef = B72FE57B17416F4B00964DC4 /* event-2-3.jpg */; };
		B72FE62617416F4C00964DC4 /* event-2-4.jpg in Resources */ = {isa = PBXBuildFile; fileRef = B72FE57C17416F4B00964DC4 /* event-2-4.jpg */; };
		B72FE62717416F4C00964DC4 /* event-2-5.jpg in Resources */ = {isa = PBXBuildFile; fileRef = B72FE57D17416F4B00964DC4 /* event-2-5.jpg */; };
		B72FE62817416F4C00964DC4 /* event-2-6.jpg in Resources */ = {isa = PBXBuildFile; fileRef = B72FE57E17416F4B00964DC4 /* event-2-6.jpg */; };
		B72FE62917416F4C00964DC4 /* event-2-7.jpg in Resources */ = {isa = PBXBuildFile; fileRef = B72FE57F17416F4B00964DC4 /* event-2-7.jpg */; };
		B72FE62A17416F4C00964DC4 /* event-2-8.jpg in Resources */ = {isa = PBXBuildFile; fileRef = B72FE58017416F4B00964DC4 /* event-2-8.jpg */; };
		B72FE62B17416F4C00964DC4 /* event-2-9.jpg in Resources */ = {isa = PBXBuildFile; fileRef = B72FE58117416F4B00964DC4 /* event-2-9.jpg */; };
		B72FE62C17416F4C00964DC4 /* event-3-1.jpg in Resources */ = {isa = PBXBuildFile; fileRef = B72FE58317416F4B00964DC4 /* event-3-1.jpg */; };
		B72FE62D17416F4C00964DC4 /* event-3-10.jpg in Resources */ = {isa = PBXBuildFile; fileRef = B72FE58417416F4B00964DC4 /* event-3-10.jpg */; };
		B72FE62E17416F4C00964DC4 /* event-3-2.jpg in Resources */ = {isa = PBXBuildFile; fileRef = B72FE58517416F4B00964DC4 /* event-3-2.jpg */; };
		B72FE62F17416F4C00964DC4 /* event-3-3.jpg in Resources */ = {isa = PBXBuildFile; fileRef = B72FE58617416F4B00964DC4 /* event-3-3.jpg */; };
		B72FE63017416F4C00964DC4 /* event-3-4.jpg in Resources */ = {isa = PBXBuildFile; fileRef = B72FE58717416F4B00964DC4 /* event-3-4.jpg */; };
		B72FE63117416F4C00964DC4 /* event-3-5.jpg in Resources */ = {isa = PBXBuildFile; fileRef = B72FE58817416F4B00964DC4 /* event-3-5.jpg */; };
		B72FE63217416F4C00964DC4 /* event-3-6.jpg in Resources */ = {isa = PBXBuildFile; fileRef = B72FE58917416F4B00964DC4 /* event-3-6.jpg */; };
		B72FE63317416F4C00964DC4 /* event-3-7.jpg in Resources */ = {isa = PBXBuildFile; fileRef = B72FE58A17416F4B00964DC4 /* event-3-7.jpg */; };
		B72FE63417416F4C00964DC4 /* event-3-8.jpg in Resources */ = {isa = PBXBuildFile; fileRef = B72FE58B17416F4B00964DC4 /* event-3-8.jpg */; };
		B72FE63517416F4C00964DC4 /* event-3-9.jpg in Resources */ = {isa = PBXBuildFile; fileRef = B72FE58C17416F4B00964DC4 /* event-3-9.jpg */; };
		B72FE63617416F4C00964DC4 /* event-4-1.jpg in Resources */ = {isa = PBXBuildFile; fileRef = B72FE58E17416F4B00964DC4 /* event-4-1.jpg */; };
		B72FE63717416F4C00964DC4 /* event-4-10.jpg in Resources */ = {isa = PBXBuildFile; fileRef = B72FE58F17416F4B00964DC4 /* event-4-10.jpg */; };
		B72FE63817416F4C00964DC4 /* event-4-2.jpg in Resources */ = {isa = PBXBuildFile; fileRef = B72FE59017416F4B00964DC4 /* event-4-2.jpg */; };
		B72FE63917416F4C00964DC4 /* event-4-3.jpg in Resources */ = {isa = PBXBuildFile; fileRef = B72FE59117416F4B00964DC4 /* event-4-3.jpg */; };
		B72FE63A17416F4C00964DC4 /* event-4-4.jpg in Resources */ = {isa = PBXBuildFile; fileRef = B72FE59217416F4B00964DC4 /* event-4-4.jpg */; };
		B72FE63B17416F4C00964DC4 /* event-4-5.jpg in Resources */ = {isa = PBXBuildFile; fileRef = B72FE59317416F4B00964DC4 /* event-4-5.jpg */; };
		B72FE63C17416F4C00964DC4 /* event-4-6.jpg in Resources */ = {isa = PBXBuildFile; fileRef = B72FE59417416F4B00964DC4 /* event-4-6.jpg */; };
		B72FE63D17416F4C00964DC4 /* event-4-7.jpg in Resources */ = {isa = PBXBuildFile; fileRef = B72FE59517416F4B00964DC4 /* event-4-7.jpg */; };
		B72FE63E17416F4C00964DC4 /* event-4-8.jpg in Resources */ = {isa = PBXBuildFile; fileRef = B72FE59617416F4B00964DC4 /* event-4-8.jpg */; };
		B72FE63F17416F4C00964DC4 /* event-4-9.jpg in Resources */ = {isa = PBXBuildFile; fileRef = B72FE59717416F4B00964DC4 /* event-4-9.jpg */; };
		B72FE64017416F4C00964DC4 /* event-5-1.jpg in Resources */ = {isa = PBXBuildFile; fileRef = B72FE59917416F4B00964DC4 /* event-5-1.jpg */; };
		B72FE64117416F4C00964DC4 /* event-5-10.jpg in Resources */ = {isa = PBXBuildFile; fileRef = B72FE59A17416F4B00964DC4 /* event-5-10.jpg */; };
		B72FE64217416F4C00964DC4 /* event-5-2.jpg in Resources */ = {isa = PBXBuildFile; fileRef = B72FE59B17416F4B00964DC4 /* event-5-2.jpg */; };
		B72FE64317416F4C00964DC4 /* event-5-3.jpg in Resources */ = {isa = PBXBuildFile; fileRef = B72FE59C17416F4B00964DC4 /* event-5-3.jpg */; };
		B72FE64417416F4C00964DC4 /* event-5-4.jpg in Resources */ = {isa = PBXBuildFile; fileRef = B72FE59D17416F4B00964DC4 /* event-5-4.jpg */; };
		B72FE64517416F4C00964DC4 /* event-5-5.jpg in Resources */ = {isa = PBXBuildFile; fileRef = B72FE59E17416F4B00964DC4 /* event-5-5.jpg */; };
		B72FE64617416F4C00964DC4 /* event-5-6.jpg in Resources */ = {isa = PBXBuildFile; fileRef = B72FE59F17416F4B00964DC4 /* event-5-6.jpg */; };
		B72FE64717416F4C00964DC4 /* event-5-7.jpg in Resources */ = {isa = PBXBuildFile; fileRef = B72FE5A017416F4B00964DC4 /* event-5-7.jpg */; };
		B72FE64817416F4C00964DC4 /* event-5-8.jpg in Resources */ = {isa = PBXBuildFile; fileRef = B72FE5A117416F4B00964DC4 /* event-5-8.jpg */; };
		B72FE64917416F4C00964DC4 /* event-5-9.jpg in Resources */ = {isa = PBXBuildFile; fileRef = B72FE5A217416F4B00964DC4 /* event-5-9.jpg */; };
		B72FE64A17416F4C00964DC4 /* event-6-1.jpg in Resources */ = {isa = PBXBuildFile; fileRef = B72FE5A417416F4B00964DC4 /* event-6-1.jpg */; };
		B72FE64B17416F4C00964DC4 /* event-6-10.jpg in Resources */ = {isa = PBXBuildFile; fileRef = B72FE5A517416F4B00964DC4 /* event-6-10.jpg */; };
		B72FE64C17416F4C00964DC4 /* event-6-2.jpg in Resources */ = {isa = PBXBuildFile; fileRef = B72FE5A617416F4B00964DC4 /* event-6-2.jpg */; };
		B72FE64D17416F4C00964DC4 /* event-6-3.jpg in Resources */ = {isa = PBXBuildFile; fileRef = B72FE5A717416F4B00964DC4 /* event-6-3.jpg */; };
		B72FE64E17416F4C00964DC4 /* event-6-4.jpg in Resources */ = {isa = PBXBuildFile; fileRef = B72FE5A817416F4B00964DC4 /* event-6-4.jpg */; };
		B72FE64F17416F4C00964DC4 /* event-6-5.jpg in Resources */ = {isa = PBXBuildFile; fileRef = B72FE5A917416F4B00964DC4 /* event-6-5.jpg */; };
		B72FE65017416F4C00964DC4 /* event-6-6.jpg in Resources */ = {isa = PBXBuildFile; fileRef = B72FE5AA17416F4B00964DC4 /* event-6-6.jpg */; };
		B72FE65117416F4C00964DC4 /* event-6-7.jpg in Resources */ = {isa = PBXBuildFile; fileRef = B72FE5AB17416F4B00964DC4 /* event-6-7.jpg */; };
		B72FE65217416F4C00964DC4 /* event-6-8.jpg in Resources */ = {isa = PBXBuildFile; fileRef = B72FE5AC17416F4B00964DC4 /* event-6-8.jpg */; };
		B72FE65317416F4C00964DC4 /* event-6-9.jpg in Resources */ = {isa = PBXBuildFile; fileRef = B72FE5AD17416F4B00964DC4 /* event-6-9.jpg */; };
		B72FE65417416F4C00964DC4 /* event-7-1.jpg in Resources */ = {isa = PBXBuildFile; fileRef = B72FE5AF17416F4B00964DC4 /* event-7-1.jpg */; };
		B72FE65517416F4C00964DC4 /* event-7-10.jpg in Resources */ = {isa = PBXBuildFile; fileRef = B72FE5B017416F4B00964DC4 /* event-7-10.jpg */; };
		B72FE65617416F4C00964DC4 /* event-7-2.jpg in Resources */ = {isa = PBXBuildFile; fileRef = B72FE5B117416F4B00964DC4 /* event-7-2.jpg */; };
		B72FE65717416F4C00964DC4 /* event-7-3.jpg in Resources */ = {isa = PBXBuildFile; fileRef = B72FE5B217416F4B00964DC4 /* event-7-3.jpg */; };
		B72FE65817416F4C00964DC4 /* event-7-4.jpg in Resources */ = {isa = PBXBuildFile; fileRef = B72FE5B317416F4B00964DC4 /* event-7-4.jpg */; };
		B72FE65917416F4C00964DC4 /* event-7-5.jpg in Resources */ = {isa = PBXBuildFile; fileRef = B72FE5B417416F4B00964DC4 /* event-7-5.jpg */; };
		B72FE65A17416F4C00964DC4 /* event-7-6.jpg in Resources */ = {isa = PBXBuildFile; fileRef = B72FE5B517416F4B00964DC4 /* event-7-6.jpg */; };
		B72FE65B17416F4C00964DC4 /* event-7-7.jpg in Resources */ = {isa = PBXBuildFile; fileRef = B72FE5B617416F4B00964DC4 /* event-7-7.jpg */; };
		B72FE65C17416F4C00964DC4 /* event-7-8.jpg in Resources */ = {isa = PBXBuildFile; fileRef = B72FE5B717416F4B00964DC4 /* event-7-8.jpg */; };
		B72FE65D17416F4C00964DC4 /* event-7-9.jpg in Resources */ = {isa = PBXBuildFile; fileRef = B72FE5B817416F4B00964DC4 /* event-7-9.jpg */; };
		B72FE65E17416F4C00964DC4 /* event-8-1.jpg in Resources */ = {isa = PBXBuildFile; fileRef = B72FE5BA17416F4B00964DC4 /* event-8-1.jpg */; };
		B72FE65F17416F4C00964DC4 /* event-8-10.jpg in Resources */ = {isa = PBXBuildFile; fileRef = B72FE5BB17416F4B00964DC4 /* event-8-10.jpg */; };
		B72FE66017416F4C00964DC4 /* event-8-2.jpg in Resources */ = {isa = PBXBuildFile; fileRef = B72FE5BC17416F4B00964DC4 /* event-8-2.jpg */; };
		B72FE66117416F4C00964DC4 /* event-8-3.jpg in Resources */ = {isa = PBXBuildFile; fileRef = B72FE5BD17416F4B00964DC4 /* event-8-3.jpg */; };
		B72FE66217416F4C00964DC4 /* event-8-4.jpg in Resources */ = {isa = PBXBuildFile; fileRef = B72FE5BE17416F4B00964DC4 /* event-8-4.jpg */; };
		B72FE66317416F4C00964DC4 /* event-8-5.jpg in Resources */ = {isa = PBXBuildFile; fileRef = B72FE5BF17416F4B00964DC4 /* event-8-5.jpg */; };
		B72FE66417416F4C00964DC4 /* event-8-6.jpg in Resources */ = {isa = PBXBuildFile; fileRef = B72FE5C017416F4B00964DC4 /* event-8-6.jpg */; };
		B72FE66517416F4C00964DC4 /* event-8-7.jpg in Resources */ = {isa = PBXBuildFile; fileRef = B72FE5C117416F4B00964DC4 /* event-8-7.jpg */; };
		B72FE66617416F4C00964DC4 /* event-8-8.jpg in Resources */ = {isa = PBXBuildFile; fileRef = B72FE5C217416F4B00964DC4 /* event-8-8.jpg */; };
		B72FE66717416F4C00964DC4 /* event-8-9.jpg in Resources */ = {isa = PBXBuildFile; fileRef = B72FE5C317416F4B00964DC4 /* event-8-9.jpg */; };
		B72FE66817416F4C00964DC4 /* event-9-1.jpg in Resources */ = {isa = PBXBuildFile; fileRef = B72FE5C517416F4B00964DC4 /* event-9-1.jpg */; };
		B72FE66917416F4C00964DC4 /* event-9-10.jpg in Resources */ = {isa = PBXBuildFile; fileRef = B72FE5C617416F4B00964DC4 /* event-9-10.jpg */; };
		B72FE66A17416F4C00964DC4 /* event-9-2.jpg in Resources */ = {isa = PBXBuildFile; fileRef = B72FE5C717416F4B00964DC4 /* event-9-2.jpg */; };
		B72FE66B17416F4C00964DC4 /* event-9-3.jpg in Resources */ = {isa = PBXBuildFile; fileRef = B72FE5C817416F4B00964DC4 /* event-9-3.jpg */; };
		B72FE66C17416F4C00964DC4 /* event-9-4.jpg in Resources */ = {isa = PBXBuildFile; fileRef = B72FE5C917416F4B00964DC4 /* event-9-4.jpg */; };
		B72FE66D17416F4C00964DC4 /* event-9-5.jpg in Resources */ = {isa = PBXBuildFile; fileRef = B72FE5CA17416F4B00964DC4 /* event-9-5.jpg */; };
		B72FE66E17416F4C00964DC4 /* event-9-6.jpg in Resources */ = {isa = PBXBuildFile; fileRef = B72FE5CB17416F4B00964DC4 /* event-9-6.jpg */; };
		B72FE66F17416F4C00964DC4 /* event-9-7.jpg in Resources */ = {isa = PBXBuildFile; fileRef = B72FE5CC17416F4B00964DC4 /* event-9-7.jpg */; };
		B72FE67017416F4C00964DC4 /* event-9-8.jpg in Resources */ = {isa = PBXBuildFile; fileRef = B72FE5CD17416F4B00964DC4 /* event-9-8.jpg */; };
		B72FE67117416F4C00964DC4 /* event-9-9.jpg in Resources */ = {isa = PBXBuildFile; fileRef = B72FE5CE17416F4B00964DC4 /* event-9-9.jpg */; };
		B72FE67217416F4C00964DC4 /* BGFinal.png in Resources */ = {isa = PBXBuildFile; fileRef = B72FE5D017416F4B00964DC4 /* BGFinal.png */; };
		B72FE67317416F4C00964DC4 /* BGFinal1.png in Resources */ = {isa = PBXBuildFile; fileRef = B72FE5D117416F4B00964DC4 /* BGFinal1.png */; };
		B72FE67417416F4C00964DC4 /* general1.png in Resources */ = {isa = PBXBuildFile; fileRef = B72FE5D217416F4B00964DC4 /* general1.png */; };
		B72FE67517416F4C00964DC4 /* general10.png in Resources */ = {isa = PBXBuildFile; fileRef = B72FE5D317416F4B00964DC4 /* general10.png */; };
		B72FE67617416F4C00964DC4 /* general11.png in Resources */ = {isa = PBXBuildFile; fileRef = B72FE5D417416F4C00964DC4 /* general11.png */; };
		B72FE67717416F4C00964DC4 /* general13.png in Resources */ = {isa = PBXBuildFile; fileRef = B72FE5D517416F4C00964DC4 /* general13.png */; };
		B72FE67817416F4C00964DC4 /* general2.png in Resources */ = {isa = PBXBuildFile; fileRef = B72FE5D617416F4C00964DC4 /* general2.png */; };
		B72FE67917416F4C00964DC4 /* general3.png in Resources */ = {isa = PBXBuildFile; fileRef = B72FE5D717416F4C00964DC4 /* general3.png */; };
		B72FE67A17416F4C00964DC4 /* general4.png in Resources */ = {isa = PBXBuildFile; fileRef = B72FE5D817416F4C00964DC4 /* general4.png */; };
		B72FE67B17416F4C00964DC4 /* general5.png in Resources */ = {isa = PBXBuildFile; fileRef = B72FE5D917416F4C00964DC4 /* general5.png */; };
		B72FE67C17416F4C00964DC4 /* general6.png in Resources */ = {isa = PBXBuildFile; fileRef = B72FE5DA17416F4C00964DC4 /* general6.png */; };
		B72FE67D17416F4C00964DC4 /* general7.png in Resources */ = {isa = PBXBuildFile; fileRef = B72FE5DB17416F4C00964DC4 /* general7.png */; };
		B72FE67E17416F4C00964DC4 /* general8.png in Resources */ = {isa = PBXBuildFile; fileRef = B72FE5DC17416F4C00964DC4 /* general8.png */; };
		B72FE67F17416F4C00964DC4 /* general9.png in Resources */ = {isa = PBXBuildFile; fileRef = B72FE5DD17416F4C00964DC4 /* general9.png */; };
		B72FE68017416F4C00964DC4 /* icon.png in Resources */ = {isa = PBXBuildFile; fileRef = B72FE5DE17416F4C00964DC4 /* icon.png */; };
		B72FE68117416F4C00964DC4 /* icon1.png in Resources */ = {isa = PBXBuildFile; fileRef = B72FE5DF17416F4C00964DC4 /* icon1.png */; };
		B72FE68217416F4C00964DC4 /* T1.png in Resources */ = {isa = PBXBuildFile; fileRef = B72FE5E017416F4C00964DC4 /* T1.png */; };
		B72FE68317416F4C00964DC4 /* T10.png in Resources */ = {isa = PBXBuildFile; fileRef = B72FE5E117416F4C00964DC4 /* T10.png */; };
		B72FE68417416F4C00964DC4 /* T11.png in Resources */ = {isa = PBXBuildFile; fileRef = B72FE5E217416F4C00964DC4 /* T11.png */; };
		B72FE68517416F4C00964DC4 /* T12.png in Resources */ = {isa = PBXBuildFile; fileRef = B72FE5E317416F4C00964DC4 /* T12.png */; };
		B72FE68617416F4C00964DC4 /* T2.png in Resources */ = {isa = PBXBuildFile; fileRef = B72FE5E417416F4C00964DC4 /* T2.png */; };
		B72FE68717416F4C00964DC4 /* T3.png in Resources */ = {isa = PBXBuildFile; fileRef = B72FE5E517416F4C00964DC4 /* T3.png */; };
		B72FE68817416F4C00964DC4 /* T4.png in Resources */ = {isa = PBXBuildFile; fileRef = B72FE5E617416F4C00964DC4 /* T4.png */; };
		B72FE68917416F4C00964DC4 /* T5.png in Resources */ = {isa = PBXBuildFile; fileRef = B72FE5E717416F4C00964DC4 /* T5.png */; };
		B72FE68A17416F4C00964DC4 /* T6.png in Resources */ = {isa = PBXBuildFile; fileRef = B72FE5E817416F4C00964DC4 /* T6.png */; };
		B72FE68B17416F4C00964DC4 /* T7.png in Resources */ = {isa = PBXBuildFile; fileRef = B72FE5E917416F4C00964DC4 /* T7.png */; };
		B72FE68C17416F4C00964DC4 /* T8.png in Resources */ = {isa = PBXBuildFile; fileRef = B72FE5EA17416F4C00964DC4 /* T8.png */; };
		B72FE68D17416F4C00964DC4 /* T9.png in Resources */ = {isa = PBXBuildFile; fileRef = B72FE5EB17416F4C00964DC4 /* T9.png */; };
		B72FE68E17416F4C00964DC4 /* unitas.png in Resources */ = {isa = PBXBuildFile; fileRef = B72FE5EC17416F4C00964DC4 /* unitas.png */; };
		B72FE68F17416F4C00964DC4 /* apatoStyle.png in Resources */ = {isa = PBXBuildFile; fileRef = B72FE5EE17416F4C00964DC4 /* apatoStyle.png */; };
		B72FE69017416F4C00964DC4 /* arubaito1.png in Resources */ = {isa = PBXBuildFile; fileRef = B72FE5EF17416F4C00964DC4 /* arubaito1.png */; };
		B72FE69117416F4C00964DC4 /* arubaito2.png in Resources */ = {isa = PBXBuildFile; fileRef = B72FE5F017416F4C00964DC4 /* arubaito2.png */; };
		B72FE69217416F4C00964DC4 /* arubaito3.png in Resources */ = {isa = PBXBuildFile; fileRef = B72FE5F117416F4C00964DC4 /* arubaito3.png */; };
		B72FE69317416F4C00964DC4 /* arubaitoStyle.png in Resources */ = {isa = PBXBuildFile; fileRef = B72FE5F217416F4C00964DC4 /* arubaitoStyle.png */; };
		B72FE69417416F4C00964DC4 /* bgForOtherScreens.png in Resources */ = {isa = PBXBuildFile; fileRef = B72FE5F317416F4C00964DC4 /* bgForOtherScreens.png */; };
		B72FE69517416F4C00964DC4 /* book1.png in Resources */ = {isa = PBXBuildFile; fileRef = B72FE5F417416F4C00964DC4 /* book1.png */; };
		B72FE69617416F4C00964DC4 /* courceStyle.png in Resources */ = {isa = PBXBuildFile; fileRef = B72FE5F517416F4C00964DC4 /* courceStyle.png */; };
		B72FE69717416F4C00964DC4 /* hp1.png in Resources */ = {isa = PBXBuildFile; fileRef = B72FE5F617416F4C00964DC4 /* hp1.png */; };
		B72FE69817416F4C00964DC4 /* hp2.png in Resources */ = {isa = PBXBuildFile; fileRef = B72FE5F717416F4C00964DC4 /* hp2.png */; };
		B72FE69917416F4C00964DC4 /* ktx.png in Resources */ = {isa = PBXBuildFile; fileRef = B72FE5F817416F4C00964DC4 /* ktx.png */; };
		B72FE69A17416F4C00964DC4 /* work.png in Resources */ = {isa = PBXBuildFile; fileRef = B72FE5F917416F4C00964DC4 /* work.png */; };
		B72FE69E1741724B00964DC4 /* UTEventsViewController.m in Sources */ = {isa = PBXBuildFile; fileRef = B72FE69D1741724B00964DC4 /* UTEventsViewController.m */; };
		B72FE6A21741735A00964DC4 /* UTGeneralViewController.m in Sources */ = {isa = PBXBuildFile; fileRef = B72FE6A11741735A00964DC4 /* UTGeneralViewController.m */; };
		B72FE6A817417C2400964DC4 /* UTBaseViewController.m in Sources */ = {isa = PBXBuildFile; fileRef = B72FE6A717417C2400964DC4 /* UTBaseViewController.m */; };
		B72FE6AB17417CDB00964DC4 /* UTCourceViewController.m in Sources */ = {isa = PBXBuildFile; fileRef = B72FE6AA17417CDB00964DC4 /* UTCourceViewController.m */; };
		B72FE6AE17417CED00964DC4 /* UTLifeViewController.m in Sources */ = {isa = PBXBuildFile; fileRef = B72FE6AD17417CED00964DC4 /* UTLifeViewController.m */; };
		B72FE7071744039600964DC4 /* QuartzCore.framework in Frameworks */ = {isa = PBXBuildFile; fileRef = B72FE7061744039500964DC4 /* QuartzCore.framework */; };
/* End PBXBuildFile section */

/* Begin PBXFileReference section */
		B70852B51749156E00453705 /* CuriousFrog.jpg */ = {isa = PBXFileReference; lastKnownFileType = image.jpeg; path = CuriousFrog.jpg; sourceTree = "<group>"; };
		B70852B61749156E00453705 /* LeggyFrog.jpg */ = {isa = PBXFileReference; lastKnownFileType = image.jpeg; path = LeggyFrog.jpg; sourceTree = "<group>"; };
		B70852B71749156E00453705 /* PeeringFrog.jpg */ = {isa = PBXFileReference; lastKnownFileType = image.jpeg; path = PeeringFrog.jpg; sourceTree = "<group>"; };
		B70852B81749156F00453705 /* ImageData.plist */ = {isa = PBXFileReference; fileEncoding = 4; lastKnownFileType = text.plist.xml; path = ImageData.plist; sourceTree = "<group>"; };
		B70852B91749156F00453705 /* ImageScrollView.h */ = {isa = PBXFileReference; fileEncoding = 4; lastKnownFileType = sourcecode.c.h; path = ImageScrollView.h; sourceTree = "<group>"; };
		B70852BA1749156F00453705 /* ImageScrollView.m */ = {isa = PBXFileReference; fileEncoding = 4; lastKnownFileType = sourcecode.c.objc; path = ImageScrollView.m; sourceTree = "<group>"; };
		B70852BB1749156F00453705 /* PhotoViewController.h */ = {isa = PBXFileReference; fileEncoding = 4; lastKnownFileType = sourcecode.c.h; path = PhotoViewController.h; sourceTree = "<group>"; };
		B70852BC1749156F00453705 /* PhotoViewController.m */ = {isa = PBXFileReference; fileEncoding = 4; lastKnownFileType = sourcecode.c.objc; path = PhotoViewController.m; sourceTree = "<group>"; };
		B70852BD1749156F00453705 /* TilingView.h */ = {isa = PBXFileReference; fileEncoding = 4; lastKnownFileType = sourcecode.c.h; path = TilingView.h; sourceTree = "<group>"; };
		B70852BE1749156F00453705 /* TilingView.m */ = {isa = PBXFileReference; fileEncoding = 4; lastKnownFileType = sourcecode.c.objc; path = TilingView.m; sourceTree = "<group>"; };
		B70852C617491BB400453705 /* UTImagePageViewController.h */ = {isa = PBXFileReference; fileEncoding = 4; lastKnownFileType = sourcecode.c.h; path = UTImagePageViewController.h; sourceTree = "<group>"; };
		B70852C717491BB400453705 /* UTImagePageViewController.m */ = {isa = PBXFileReference; fileEncoding = 4; lastKnownFileType = sourcecode.c.objc; path = UTImagePageViewController.m; sourceTree = "<group>"; };
		B70852C917491F0C00453705 /* button_cancel.png */ = {isa = PBXFileReference; lastKnownFileType = image.png; path = button_cancel.png; sourceTree = "<group>"; };
		B72FE52117416BEC00964DC4 /* UnitasPR.app */ = {isa = PBXFileReference; explicitFileType = wrapper.application; includeInIndex = 0; path = UnitasPR.app; sourceTree = BUILT_PRODUCTS_DIR; };
		B72FE52417416BEC00964DC4 /* UIKit.framework */ = {isa = PBXFileReference; lastKnownFileType = wrapper.framework; name = UIKit.framework; path = System/Library/Frameworks/UIKit.framework; sourceTree = SDKROOT; };
		B72FE52617416BEC00964DC4 /* Foundation.framework */ = {isa = PBXFileReference; lastKnownFileType = wrapper.framework; name = Foundation.framework; path = System/Library/Frameworks/Foundation.framework; sourceTree = SDKROOT; };
		B72FE52817416BEC00964DC4 /* CoreGraphics.framework */ = {isa = PBXFileReference; lastKnownFileType = wrapper.framework; name = CoreGraphics.framework; path = System/Library/Frameworks/CoreGraphics.framework; sourceTree = SDKROOT; };
		B72FE52C17416BEC00964DC4 /* UnitasPR-Info.plist */ = {isa = PBXFileReference; lastKnownFileType = text.plist.xml; path = "UnitasPR-Info.plist"; sourceTree = "<group>"; };
		B72FE52E17416BEC00964DC4 /* en */ = {isa = PBXFileReference; lastKnownFileType = text.plist.strings; name = en; path = en.lproj/InfoPlist.strings; sourceTree = "<group>"; };
		B72FE53017416BEC00964DC4 /* main.m */ = {isa = PBXFileReference; lastKnownFileType = sourcecode.c.objc; path = main.m; sourceTree = "<group>"; };
		B72FE53217416BEC00964DC4 /* UnitasPR-Prefix.pch */ = {isa = PBXFileReference; lastKnownFileType = sourcecode.c.h; path = "UnitasPR-Prefix.pch"; sourceTree = "<group>"; };
		B72FE53317416BEC00964DC4 /* UTAppDelegate.h */ = {isa = PBXFileReference; lastKnownFileType = sourcecode.c.h; path = UTAppDelegate.h; sourceTree = "<group>"; };
		B72FE53417416BEC00964DC4 /* UTAppDelegate.m */ = {isa = PBXFileReference; lastKnownFileType = sourcecode.c.objc; path = UTAppDelegate.m; sourceTree = "<group>"; };
		B72FE53617416BEC00964DC4 /* Default.png */ = {isa = PBXFileReference; lastKnownFileType = image.png; path = Default.png; sourceTree = "<group>"; };
		B72FE53817416BEC00964DC4 /* Default@2x.png */ = {isa = PBXFileReference; lastKnownFileType = image.png; path = "Default@2x.png"; sourceTree = "<group>"; };
		B72FE53A17416BEC00964DC4 /* Default-568h@2x.png */ = {isa = PBXFileReference; lastKnownFileType = image.png; path = "Default-568h@2x.png"; sourceTree = "<group>"; };
		B72FE53D17416BEC00964DC4 /* en */ = {isa = PBXFileReference; lastKnownFileType = file.storyboard; name = en; path = en.lproj/MainStoryboard.storyboard; sourceTree = "<group>"; };
		B72FE54C17416F4B00964DC4 /* event-1-1.jpg */ = {isa = PBXFileReference; lastKnownFileType = image.jpeg; path = "event-1-1.jpg"; sourceTree = "<group>"; };
		B72FE54D17416F4B00964DC4 /* event-1-10.jpg */ = {isa = PBXFileReference; lastKnownFileType = image.jpeg; path = "event-1-10.jpg"; sourceTree = "<group>"; };
		B72FE54E17416F4B00964DC4 /* event-1-2.jpg */ = {isa = PBXFileReference; lastKnownFileType = image.jpeg; path = "event-1-2.jpg"; sourceTree = "<group>"; };
		B72FE54F17416F4B00964DC4 /* event-1-3.jpg */ = {isa = PBXFileReference; lastKnownFileType = image.jpeg; path = "event-1-3.jpg"; sourceTree = "<group>"; };
		B72FE55017416F4B00964DC4 /* event-1-4.jpg */ = {isa = PBXFileReference; lastKnownFileType = image.jpeg; path = "event-1-4.jpg"; sourceTree = "<group>"; };
		B72FE55117416F4B00964DC4 /* event-1-5.jpg */ = {isa = PBXFileReference; lastKnownFileType = image.jpeg; path = "event-1-5.jpg"; sourceTree = "<group>"; };
		B72FE55217416F4B00964DC4 /* event-1-6.jpg */ = {isa = PBXFileReference; lastKnownFileType = image.jpeg; path = "event-1-6.jpg"; sourceTree = "<group>"; };
		B72FE55317416F4B00964DC4 /* event-1-7.jpg */ = {isa = PBXFileReference; lastKnownFileType = image.jpeg; path = "event-1-7.jpg"; sourceTree = "<group>"; };
		B72FE55417416F4B00964DC4 /* event-1-8.jpg */ = {isa = PBXFileReference; lastKnownFileType = image.jpeg; path = "event-1-8.jpg"; sourceTree = "<group>"; };
		B72FE55517416F4B00964DC4 /* event-1-9.jpg */ = {isa = PBXFileReference; lastKnownFileType = image.jpeg; path = "event-1-9.jpg"; sourceTree = "<group>"; };
		B72FE55717416F4B00964DC4 /* event-10-1.jpg */ = {isa = PBXFileReference; lastKnownFileType = image.jpeg; path = "event-10-1.jpg"; sourceTree = "<group>"; };
		B72FE55817416F4B00964DC4 /* event-10-10.jpg */ = {isa = PBXFileReference; lastKnownFileType = image.jpeg; path = "event-10-10.jpg"; sourceTree = "<group>"; };
		B72FE55917416F4B00964DC4 /* event-10-2.jpg */ = {isa = PBXFileReference; lastKnownFileType = image.jpeg; path = "event-10-2.jpg"; sourceTree = "<group>"; };
		B72FE55A17416F4B00964DC4 /* event-10-3.jpg */ = {isa = PBXFileReference; lastKnownFileType = image.jpeg; path = "event-10-3.jpg"; sourceTree = "<group>"; };
		B72FE55B17416F4B00964DC4 /* event-10-4.jpg */ = {isa = PBXFileReference; lastKnownFileType = image.jpeg; path = "event-10-4.jpg"; sourceTree = "<group>"; };
		B72FE55C17416F4B00964DC4 /* event-10-5.jpg */ = {isa = PBXFileReference; lastKnownFileType = image.jpeg; path = "event-10-5.jpg"; sourceTree = "<group>"; };
		B72FE55D17416F4B00964DC4 /* event-10-6.jpg */ = {isa = PBXFileReference; lastKnownFileType = image.jpeg; path = "event-10-6.jpg"; sourceTree = "<group>"; };
		B72FE55E17416F4B00964DC4 /* event-10-7.jpg */ = {isa = PBXFileReference; lastKnownFileType = image.jpeg; path = "event-10-7.jpg"; sourceTree = "<group>"; };
		B72FE55F17416F4B00964DC4 /* event-10-8.jpg */ = {isa = PBXFileReference; lastKnownFileType = image.jpeg; path = "event-10-8.jpg"; sourceTree = "<group>"; };
		B72FE56017416F4B00964DC4 /* event-10-9.jpg */ = {isa = PBXFileReference; lastKnownFileType = image.jpeg; path = "event-10-9.jpg"; sourceTree = "<group>"; };
		B72FE56217416F4B00964DC4 /* event-11-1.jpg */ = {isa = PBXFileReference; lastKnownFileType = image.jpeg; path = "event-11-1.jpg"; sourceTree = "<group>"; };
		B72FE56317416F4B00964DC4 /* event-11-10.jpg */ = {isa = PBXFileReference; lastKnownFileType = image.jpeg; path = "event-11-10.jpg"; sourceTree = "<group>"; };
		B72FE56417416F4B00964DC4 /* event-11-2.jpg */ = {isa = PBXFileReference; lastKnownFileType = image.jpeg; path = "event-11-2.jpg"; sourceTree = "<group>"; };
		B72FE56517416F4B00964DC4 /* event-11-3.jpg */ = {isa = PBXFileReference; lastKnownFileType = image.jpeg; path = "event-11-3.jpg"; sourceTree = "<group>"; };
		B72FE56617416F4B00964DC4 /* event-11-4.jpg */ = {isa = PBXFileReference; lastKnownFileType = image.jpeg; path = "event-11-4.jpg"; sourceTree = "<group>"; };
		B72FE56717416F4B00964DC4 /* event-11-5.jpg */ = {isa = PBXFileReference; lastKnownFileType = image.jpeg; path = "event-11-5.jpg"; sourceTree = "<group>"; };
		B72FE56817416F4B00964DC4 /* event-11-6.jpg */ = {isa = PBXFileReference; lastKnownFileType = image.jpeg; path = "event-11-6.jpg"; sourceTree = "<group>"; };
		B72FE56917416F4B00964DC4 /* event-11-7.jpg */ = {isa = PBXFileReference; lastKnownFileType = image.jpeg; path = "event-11-7.jpg"; sourceTree = "<group>"; };
		B72FE56A17416F4B00964DC4 /* event-11-8.jpg */ = {isa = PBXFileReference; lastKnownFileType = image.jpeg; path = "event-11-8.jpg"; sourceTree = "<group>"; };
		B72FE56B17416F4B00964DC4 /* event-11-9.jpg */ = {isa = PBXFileReference; lastKnownFileType = image.jpeg; path = "event-11-9.jpg"; sourceTree = "<group>"; };
		B72FE56D17416F4B00964DC4 /* event-12-1.jpg */ = {isa = PBXFileReference; lastKnownFileType = image.jpeg; path = "event-12-1.jpg"; sourceTree = "<group>"; };
		B72FE56E17416F4B00964DC4 /* event-12-10.jpg */ = {isa = PBXFileReference; lastKnownFileType = image.jpeg; path = "event-12-10.jpg"; sourceTree = "<group>"; };
		B72FE56F17416F4B00964DC4 /* event-12-2.jpg */ = {isa = PBXFileReference; lastKnownFileType = image.jpeg; path = "event-12-2.jpg"; sourceTree = "<group>"; };
		B72FE57017416F4B00964DC4 /* event-12-3.jpg */ = {isa = PBXFileReference; lastKnownFileType = image.jpeg; path = "event-12-3.jpg"; sourceTree = "<group>"; };
		B72FE57117416F4B00964DC4 /* event-12-4.jpg */ = {isa = PBXFileReference; lastKnownFileType = image.jpeg; path = "event-12-4.jpg"; sourceTree = "<group>"; };
		B72FE57217416F4B00964DC4 /* event-12-5.jpg */ = {isa = PBXFileReference; lastKnownFileType = image.jpeg; path = "event-12-5.jpg"; sourceTree = "<group>"; };
		B72FE57317416F4B00964DC4 /* event-12-6.jpg */ = {isa = PBXFileReference; lastKnownFileType = image.jpeg; path = "event-12-6.jpg"; sourceTree = "<group>"; };
		B72FE57417416F4B00964DC4 /* event-12-7.jpg */ = {isa = PBXFileReference; lastKnownFileType = image.jpeg; path = "event-12-7.jpg"; sourceTree = "<group>"; };
		B72FE57517416F4B00964DC4 /* event-12-8.jpg */ = {isa = PBXFileReference; lastKnownFileType = image.jpeg; path = "event-12-8.jpg"; sourceTree = "<group>"; };
		B72FE57617416F4B00964DC4 /* event-12-9.jpg */ = {isa = PBXFileReference; lastKnownFileType = image.jpeg; path = "event-12-9.jpg"; sourceTree = "<group>"; };
		B72FE57817416F4B00964DC4 /* event-2-1.jpg */ = {isa = PBXFileReference; lastKnownFileType = image.jpeg; path = "event-2-1.jpg"; sourceTree = "<group>"; };
		B72FE57917416F4B00964DC4 /* event-2-10.jpg */ = {isa = PBXFileReference; lastKnownFileType = image.jpeg; path = "event-2-10.jpg"; sourceTree = "<group>"; };
		B72FE57A17416F4B00964DC4 /* event-2-2.jpg */ = {isa = PBXFileReference; lastKnownFileType = image.jpeg; path = "event-2-2.jpg"; sourceTree = "<group>"; };
		B72FE57B17416F4B00964DC4 /* event-2-3.jpg */ = {isa = PBXFileReference; lastKnownFileType = image.jpeg; path = "event-2-3.jpg"; sourceTree = "<group>"; };
		B72FE57C17416F4B00964DC4 /* event-2-4.jpg */ = {isa = PBXFileReference; lastKnownFileType = image.jpeg; path = "event-2-4.jpg"; sourceTree = "<group>"; };
		B72FE57D17416F4B00964DC4 /* event-2-5.jpg */ = {isa = PBXFileReference; lastKnownFileType = image.jpeg; path = "event-2-5.jpg"; sourceTree = "<group>"; };
		B72FE57E17416F4B00964DC4 /* event-2-6.jpg */ = {isa = PBXFileReference; lastKnownFileType = image.jpeg; path = "event-2-6.jpg"; sourceTree = "<group>"; };
		B72FE57F17416F4B00964DC4 /* event-2-7.jpg */ = {isa = PBXFileReference; lastKnownFileType = image.jpeg; path = "event-2-7.jpg"; sourceTree = "<group>"; };
		B72FE58017416F4B00964DC4 /* event-2-8.jpg */ = {isa = PBXFileReference; lastKnownFileType = image.jpeg; path = "event-2-8.jpg"; sourceTree = "<group>"; };
		B72FE58117416F4B00964DC4 /* event-2-9.jpg */ = {isa = PBXFileReference; lastKnownFileType = image.jpeg; path = "event-2-9.jpg"; sourceTree = "<group>"; };
		B72FE58317416F4B00964DC4 /* event-3-1.jpg */ = {isa = PBXFileReference; lastKnownFileType = image.jpeg; path = "event-3-1.jpg"; sourceTree = "<group>"; };
		B72FE58417416F4B00964DC4 /* event-3-10.jpg */ = {isa = PBXFileReference; lastKnownFileType = image.jpeg; path = "event-3-10.jpg"; sourceTree = "<group>"; };
		B72FE58517416F4B00964DC4 /* event-3-2.jpg */ = {isa = PBXFileReference; lastKnownFileType = image.jpeg; path = "event-3-2.jpg"; sourceTree = "<group>"; };
		B72FE58617416F4B00964DC4 /* event-3-3.jpg */ = {isa = PBXFileReference; lastKnownFileType = image.jpeg; path = "event-3-3.jpg"; sourceTree = "<group>"; };
		B72FE58717416F4B00964DC4 /* event-3-4.jpg */ = {isa = PBXFileReference; lastKnownFileType = image.jpeg; path = "event-3-4.jpg"; sourceTree = "<group>"; };
		B72FE58817416F4B00964DC4 /* event-3-5.jpg */ = {isa = PBXFileReference; lastKnownFileType = image.jpeg; path = "event-3-5.jpg"; sourceTree = "<group>"; };
		B72FE58917416F4B00964DC4 /* event-3-6.jpg */ = {isa = PBXFileReference; lastKnownFileType = image.jpeg; path = "event-3-6.jpg"; sourceTree = "<group>"; };
		B72FE58A17416F4B00964DC4 /* event-3-7.jpg */ = {isa = PBXFileReference; lastKnownFileType = image.jpeg; path = "event-3-7.jpg"; sourceTree = "<group>"; };
		B72FE58B17416F4B00964DC4 /* event-3-8.jpg */ = {isa = PBXFileReference; lastKnownFileType = image.jpeg; path = "event-3-8.jpg"; sourceTree = "<group>"; };
		B72FE58C17416F4B00964DC4 /* event-3-9.jpg */ = {isa = PBXFileReference; lastKnownFileType = image.jpeg; path = "event-3-9.jpg"; sourceTree = "<group>"; };
		B72FE58E17416F4B00964DC4 /* event-4-1.jpg */ = {isa = PBXFileReference; lastKnownFileType = image.jpeg; path = "event-4-1.jpg"; sourceTree = "<group>"; };
		B72FE58F17416F4B00964DC4 /* event-4-10.jpg */ = {isa = PBXFileReference; lastKnownFileType = image.jpeg; path = "event-4-10.jpg"; sourceTree = "<group>"; };
		B72FE59017416F4B00964DC4 /* event-4-2.jpg */ = {isa = PBXFileReference; lastKnownFileType = image.jpeg; path = "event-4-2.jpg"; sourceTree = "<group>"; };
		B72FE59117416F4B00964DC4 /* event-4-3.jpg */ = {isa = PBXFileReference; lastKnownFileType = image.jpeg; path = "event-4-3.jpg"; sourceTree = "<group>"; };
		B72FE59217416F4B00964DC4 /* event-4-4.jpg */ = {isa = PBXFileReference; lastKnownFileType = image.jpeg; path = "event-4-4.jpg"; sourceTree = "<group>"; };
		B72FE59317416F4B00964DC4 /* event-4-5.jpg */ = {isa = PBXFileReference; lastKnownFileType = image.jpeg; path = "event-4-5.jpg"; sourceTree = "<group>"; };
		B72FE59417416F4B00964DC4 /* event-4-6.jpg */ = {isa = PBXFileReference; lastKnownFileType = image.jpeg; path = "event-4-6.jpg"; sourceTree = "<group>"; };
		B72FE59517416F4B00964DC4 /* event-4-7.jpg */ = {isa = PBXFileReference; lastKnownFileType = image.jpeg; path = "event-4-7.jpg"; sourceTree = "<group>"; };
		B72FE59617416F4B00964DC4 /* event-4-8.jpg */ = {isa = PBXFileReference; lastKnownFileType = image.jpeg; path = "event-4-8.jpg"; sourceTree = "<group>"; };
		B72FE59717416F4B00964DC4 /* event-4-9.jpg */ = {isa = PBXFileReference; lastKnownFileType = image.jpeg; path = "event-4-9.jpg"; sourceTree = "<group>"; };
		B72FE59917416F4B00964DC4 /* event-5-1.jpg */ = {isa = PBXFileReference; lastKnownFileType = image.jpeg; path = "event-5-1.jpg"; sourceTree = "<group>"; };
		B72FE59A17416F4B00964DC4 /* event-5-10.jpg */ = {isa = PBXFileReference; lastKnownFileType = image.jpeg; path = "event-5-10.jpg"; sourceTree = "<group>"; };
		B72FE59B17416F4B00964DC4 /* event-5-2.jpg */ = {isa = PBXFileReference; lastKnownFileType = image.jpeg; path = "event-5-2.jpg"; sourceTree = "<group>"; };
		B72FE59C17416F4B00964DC4 /* event-5-3.jpg */ = {isa = PBXFileReference; lastKnownFileType = image.jpeg; path = "event-5-3.jpg"; sourceTree = "<group>"; };
		B72FE59D17416F4B00964DC4 /* event-5-4.jpg */ = {isa = PBXFileReference; lastKnownFileType = image.jpeg; path = "event-5-4.jpg"; sourceTree = "<group>"; };
		B72FE59E17416F4B00964DC4 /* event-5-5.jpg */ = {isa = PBXFileReference; lastKnownFileType = image.jpeg; path = "event-5-5.jpg"; sourceTree = "<group>"; };
		B72FE59F17416F4B00964DC4 /* event-5-6.jpg */ = {isa = PBXFileReference; lastKnownFileType = image.jpeg; path = "event-5-6.jpg"; sourceTree = "<group>"; };
		B72FE5A017416F4B00964DC4 /* event-5-7.jpg */ = {isa = PBXFileReference; lastKnownFileType = image.jpeg; path = "event-5-7.jpg"; sourceTree = "<group>"; };
		B72FE5A117416F4B00964DC4 /* event-5-8.jpg */ = {isa = PBXFileReference; lastKnownFileType = image.jpeg; path = "event-5-8.jpg"; sourceTree = "<group>"; };
		B72FE5A217416F4B00964DC4 /* event-5-9.jpg */ = {isa = PBXFileReference; lastKnownFileType = image.jpeg; path = "event-5-9.jpg"; sourceTree = "<group>"; };
		B72FE5A417416F4B00964DC4 /* event-6-1.jpg */ = {isa = PBXFileReference; lastKnownFileType = image.jpeg; path = "event-6-1.jpg"; sourceTree = "<group>"; };
		B72FE5A517416F4B00964DC4 /* event-6-10.jpg */ = {isa = PBXFileReference; lastKnownFileType = image.jpeg; path = "event-6-10.jpg"; sourceTree = "<group>"; };
		B72FE5A617416F4B00964DC4 /* event-6-2.jpg */ = {isa = PBXFileReference; lastKnownFileType = image.jpeg; path = "event-6-2.jpg"; sourceTree = "<group>"; };
		B72FE5A717416F4B00964DC4 /* event-6-3.jpg */ = {isa = PBXFileReference; lastKnownFileType = image.jpeg; path = "event-6-3.jpg"; sourceTree = "<group>"; };
		B72FE5A817416F4B00964DC4 /* event-6-4.jpg */ = {isa = PBXFileReference; lastKnownFileType = image.jpeg; path = "event-6-4.jpg"; sourceTree = "<group>"; };
		B72FE5A917416F4B00964DC4 /* event-6-5.jpg */ = {isa = PBXFileReference; lastKnownFileType = image.jpeg; path = "event-6-5.jpg"; sourceTree = "<group>"; };
		B72FE5AA17416F4B00964DC4 /* event-6-6.jpg */ = {isa = PBXFileReference; lastKnownFileType = image.jpeg; path = "event-6-6.jpg"; sourceTree = "<group>"; };
		B72FE5AB17416F4B00964DC4 /* event-6-7.jpg */ = {isa = PBXFileReference; lastKnownFileType = image.jpeg; path = "event-6-7.jpg"; sourceTree = "<group>"; };
		B72FE5AC17416F4B00964DC4 /* event-6-8.jpg */ = {isa = PBXFileReference; lastKnownFileType = image.jpeg; path = "event-6-8.jpg"; sourceTree = "<group>"; };
		B72FE5AD17416F4B00964DC4 /* event-6-9.jpg */ = {isa = PBXFileReference; lastKnownFileType = image.jpeg; path = "event-6-9.jpg"; sourceTree = "<group>"; };
		B72FE5AF17416F4B00964DC4 /* event-7-1.jpg */ = {isa = PBXFileReference; lastKnownFileType = image.jpeg; path = "event-7-1.jpg"; sourceTree = "<group>"; };
		B72FE5B017416F4B00964DC4 /* event-7-10.jpg */ = {isa = PBXFileReference; lastKnownFileType = image.jpeg; path = "event-7-10.jpg"; sourceTree = "<group>"; };
		B72FE5B117416F4B00964DC4 /* event-7-2.jpg */ = {isa = PBXFileReference; lastKnownFileType = image.jpeg; path = "event-7-2.jpg"; sourceTree = "<group>"; };
		B72FE5B217416F4B00964DC4 /* event-7-3.jpg */ = {isa = PBXFileReference; lastKnownFileType = image.jpeg; path = "event-7-3.jpg"; sourceTree = "<group>"; };
		B72FE5B317416F4B00964DC4 /* event-7-4.jpg */ = {isa = PBXFileReference; lastKnownFileType = image.jpeg; path = "event-7-4.jpg"; sourceTree = "<group>"; };
		B72FE5B417416F4B00964DC4 /* event-7-5.jpg */ = {isa = PBXFileReference; lastKnownFileType = image.jpeg; path = "event-7-5.jpg"; sourceTree = "<group>"; };
		B72FE5B517416F4B00964DC4 /* event-7-6.jpg */ = {isa = PBXFileReference; lastKnownFileType = image.jpeg; path = "event-7-6.jpg"; sourceTree = "<group>"; };
		B72FE5B617416F4B00964DC4 /* event-7-7.jpg */ = {isa = PBXFileReference; lastKnownFileType = image.jpeg; path = "event-7-7.jpg"; sourceTree = "<group>"; };
		B72FE5B717416F4B00964DC4 /* event-7-8.jpg */ = {isa = PBXFileReference; lastKnownFileType = image.jpeg; path = "event-7-8.jpg"; sourceTree = "<group>"; };
		B72FE5B817416F4B00964DC4 /* event-7-9.jpg */ = {isa = PBXFileReference; lastKnownFileType = image.jpeg; path = "event-7-9.jpg"; sourceTree = "<group>"; };
		B72FE5BA17416F4B00964DC4 /* event-8-1.jpg */ = {isa = PBXFileReference; lastKnownFileType = image.jpeg; path = "event-8-1.jpg"; sourceTree = "<group>"; };
		B72FE5BB17416F4B00964DC4 /* event-8-10.jpg */ = {isa = PBXFileReference; lastKnownFileType = image.jpeg; path = "event-8-10.jpg"; sourceTree = "<group>"; };
		B72FE5BC17416F4B00964DC4 /* event-8-2.jpg */ = {isa = PBXFileReference; lastKnownFileType = image.jpeg; path = "event-8-2.jpg"; sourceTree = "<group>"; };
		B72FE5BD17416F4B00964DC4 /* event-8-3.jpg */ = {isa = PBXFileReference; lastKnownFileType = image.jpeg; path = "event-8-3.jpg"; sourceTree = "<group>"; };
		B72FE5BE17416F4B00964DC4 /* event-8-4.jpg */ = {isa = PBXFileReference; lastKnownFileType = image.jpeg; path = "event-8-4.jpg"; sourceTree = "<group>"; };
		B72FE5BF17416F4B00964DC4 /* event-8-5.jpg */ = {isa = PBXFileReference; lastKnownFileType = image.jpeg; path = "event-8-5.jpg"; sourceTree = "<group>"; };
		B72FE5C017416F4B00964DC4 /* event-8-6.jpg */ = {isa = PBXFileReference; lastKnownFileType = image.jpeg; path = "event-8-6.jpg"; sourceTree = "<group>"; };
		B72FE5C117416F4B00964DC4 /* event-8-7.jpg */ = {isa = PBXFileReference; lastKnownFileType = image.jpeg; path = "event-8-7.jpg"; sourceTree = "<group>"; };
		B72FE5C217416F4B00964DC4 /* event-8-8.jpg */ = {isa = PBXFileReference; lastKnownFileType = image.jpeg; path = "event-8-8.jpg"; sourceTree = "<group>"; };
		B72FE5C317416F4B00964DC4 /* event-8-9.jpg */ = {isa = PBXFileReference; lastKnownFileType = image.jpeg; path = "event-8-9.jpg"; sourceTree = "<group>"; };
		B72FE5C517416F4B00964DC4 /* event-9-1.jpg */ = {isa = PBXFileReference; lastKnownFileType = image.jpeg; path = "event-9-1.jpg"; sourceTree = "<group>"; };
		B72FE5C617416F4B00964DC4 /* event-9-10.jpg */ = {isa = PBXFileReference; lastKnownFileType = image.jpeg; path = "event-9-10.jpg"; sourceTree = "<group>"; };
		B72FE5C717416F4B00964DC4 /* event-9-2.jpg */ = {isa = PBXFileReference; lastKnownFileType = image.jpeg; path = "event-9-2.jpg"; sourceTree = "<group>"; };
		B72FE5C817416F4B00964DC4 /* event-9-3.jpg */ = {isa = PBXFileReference; lastKnownFileType = image.jpeg; path = "event-9-3.jpg"; sourceTree = "<group>"; };
		B72FE5C917416F4B00964DC4 /* event-9-4.jpg */ = {isa = PBXFileReference; lastKnownFileType = image.jpeg; path = "event-9-4.jpg"; sourceTree = "<group>"; };
		B72FE5CA17416F4B00964DC4 /* event-9-5.jpg */ = {isa = PBXFileReference; lastKnownFileType = image.jpeg; path = "event-9-5.jpg"; sourceTree = "<group>"; };
		B72FE5CB17416F4B00964DC4 /* event-9-6.jpg */ = {isa = PBXFileReference; lastKnownFileType = image.jpeg; path = "event-9-6.jpg"; sourceTree = "<group>"; };
		B72FE5CC17416F4B00964DC4 /* event-9-7.jpg */ = {isa = PBXFileReference; lastKnownFileType = image.jpeg; path = "event-9-7.jpg"; sourceTree = "<group>"; };
		B72FE5CD17416F4B00964DC4 /* event-9-8.jpg */ = {isa = PBXFileReference; lastKnownFileType = image.jpeg; path = "event-9-8.jpg"; sourceTree = "<group>"; };
		B72FE5CE17416F4B00964DC4 /* event-9-9.jpg */ = {isa = PBXFileReference; lastKnownFileType = image.jpeg; path = "event-9-9.jpg"; sourceTree = "<group>"; };
		B72FE5D017416F4B00964DC4 /* BGFinal.png */ = {isa = PBXFileReference; lastKnownFileType = image.png; path = BGFinal.png; sourceTree = "<group>"; };
		B72FE5D117416F4B00964DC4 /* BGFinal1.png */ = {isa = PBXFileReference; lastKnownFileType = image.png; path = BGFinal1.png; sourceTree = "<group>"; };
		B72FE5D217416F4B00964DC4 /* general1.png */ = {isa = PBXFileReference; lastKnownFileType = image.png; path = general1.png; sourceTree = "<group>"; };
		B72FE5D317416F4B00964DC4 /* general10.png */ = {isa = PBXFileReference; lastKnownFileType = image.png; path = general10.png; sourceTree = "<group>"; };
		B72FE5D417416F4C00964DC4 /* general11.png */ = {isa = PBXFileReference; lastKnownFileType = image.png; path = general11.png; sourceTree = "<group>"; };
		B72FE5D517416F4C00964DC4 /* general13.png */ = {isa = PBXFileReference; lastKnownFileType = image.png; path = general13.png; sourceTree = "<group>"; };
		B72FE5D617416F4C00964DC4 /* general2.png */ = {isa = PBXFileReference; lastKnownFileType = image.png; path = general2.png; sourceTree = "<group>"; };
		B72FE5D717416F4C00964DC4 /* general3.png */ = {isa = PBXFileReference; lastKnownFileType = image.png; path = general3.png; sourceTree = "<group>"; };
		B72FE5D817416F4C00964DC4 /* general4.png */ = {isa = PBXFileReference; lastKnownFileType = image.png; path = general4.png; sourceTree = "<group>"; };
		B72FE5D917416F4C00964DC4 /* general5.png */ = {isa = PBXFileReference; lastKnownFileType = image.png; path = general5.png; sourceTree = "<group>"; };
		B72FE5DA17416F4C00964DC4 /* general6.png */ = {isa = PBXFileReference; lastKnownFileType = image.png; path = general6.png; sourceTree = "<group>"; };
		B72FE5DB17416F4C00964DC4 /* general7.png */ = {isa = PBXFileReference; lastKnownFileType = image.png; path = general7.png; sourceTree = "<group>"; };
		B72FE5DC17416F4C00964DC4 /* general8.png */ = {isa = PBXFileReference; lastKnownFileType = image.png; path = general8.png; sourceTree = "<group>"; };
		B72FE5DD17416F4C00964DC4 /* general9.png */ = {isa = PBXFileReference; lastKnownFileType = image.png; path = general9.png; sourceTree = "<group>"; };
		B72FE5DE17416F4C00964DC4 /* icon.png */ = {isa = PBXFileReference; lastKnownFileType = image.png; path = icon.png; sourceTree = "<group>"; };
		B72FE5DF17416F4C00964DC4 /* icon1.png */ = {isa = PBXFileReference; lastKnownFileType = image.png; path = icon1.png; sourceTree = "<group>"; };
		B72FE5E017416F4C00964DC4 /* T1.png */ = {isa = PBXFileReference; lastKnownFileType = image.png; path = T1.png; sourceTree = "<group>"; };
		B72FE5E117416F4C00964DC4 /* T10.png */ = {isa = PBXFileReference; lastKnownFileType = image.png; path = T10.png; sourceTree = "<group>"; };
		B72FE5E217416F4C00964DC4 /* T11.png */ = {isa = PBXFileReference; lastKnownFileType = image.png; path = T11.png; sourceTree = "<group>"; };
		B72FE5E317416F4C00964DC4 /* T12.png */ = {isa = PBXFileReference; lastKnownFileType = image.png; path = T12.png; sourceTree = "<group>"; };
		B72FE5E417416F4C00964DC4 /* T2.png */ = {isa = PBXFileReference; lastKnownFileType = image.png; path = T2.png; sourceTree = "<group>"; };
		B72FE5E517416F4C00964DC4 /* T3.png */ = {isa = PBXFileReference; lastKnownFileType = image.png; path = T3.png; sourceTree = "<group>"; };
		B72FE5E617416F4C00964DC4 /* T4.png */ = {isa = PBXFileReference; lastKnownFileType = image.png; path = T4.png; sourceTree = "<group>"; };
		B72FE5E717416F4C00964DC4 /* T5.png */ = {isa = PBXFileReference; lastKnownFileType = image.png; path = T5.png; sourceTree = "<group>"; };
		B72FE5E817416F4C00964DC4 /* T6.png */ = {isa = PBXFileReference; lastKnownFileType = image.png; path = T6.png; sourceTree = "<group>"; };
		B72FE5E917416F4C00964DC4 /* T7.png */ = {isa = PBXFileReference; lastKnownFileType = image.png; path = T7.png; sourceTree = "<group>"; };
		B72FE5EA17416F4C00964DC4 /* T8.png */ = {isa = PBXFileReference; lastKnownFileType = image.png; path = T8.png; sourceTree = "<group>"; };
		B72FE5EB17416F4C00964DC4 /* T9.png */ = {isa = PBXFileReference; lastKnownFileType = image.png; path = T9.png; sourceTree = "<group>"; };
		B72FE5EC17416F4C00964DC4 /* unitas.png */ = {isa = PBXFileReference; lastKnownFileType = image.png; path = unitas.png; sourceTree = "<group>"; };
		B72FE5EE17416F4C00964DC4 /* apatoStyle.png */ = {isa = PBXFileReference; lastKnownFileType = image.png; path = apatoStyle.png; sourceTree = "<group>"; };
		B72FE5EF17416F4C00964DC4 /* arubaito1.png */ = {isa = PBXFileReference; lastKnownFileType = image.png; path = arubaito1.png; sourceTree = "<group>"; };
		B72FE5F017416F4C00964DC4 /* arubaito2.png */ = {isa = PBXFileReference; lastKnownFileType = image.png; path = arubaito2.png; sourceTree = "<group>"; };
		B72FE5F117416F4C00964DC4 /* arubaito3.png */ = {isa = PBXFileReference; lastKnownFileType = image.png; path = arubaito3.png; sourceTree = "<group>"; };
		B72FE5F217416F4C00964DC4 /* arubaitoStyle.png */ = {isa = PBXFileReference; lastKnownFileType = image.png; path = arubaitoStyle.png; sourceTree = "<group>"; };
		B72FE5F317416F4C00964DC4 /* bgForOtherScreens.png */ = {isa = PBXFileReference; lastKnownFileType = image.png; path = bgForOtherScreens.png; sourceTree = "<group>"; };
		B72FE5F417416F4C00964DC4 /* book1.png */ = {isa = PBXFileReference; lastKnownFileType = image.png; path = book1.png; sourceTree = "<group>"; };
		B72FE5F517416F4C00964DC4 /* courceStyle.png */ = {isa = PBXFileReference; lastKnownFileType = image.png; path = courceStyle.png; sourceTree = "<group>"; };
		B72FE5F617416F4C00964DC4 /* hp1.png */ = {isa = PBXFileReference; lastKnownFileType = image.png; path = hp1.png; sourceTree = "<group>"; };
		B72FE5F717416F4C00964DC4 /* hp2.png */ = {isa = PBXFileReference; lastKnownFileType = image.png; path = hp2.png; sourceTree = "<group>"; };
		B72FE5F817416F4C00964DC4 /* ktx.png */ = {isa = PBXFileReference; lastKnownFileType = image.png; path = ktx.png; sourceTree = "<group>"; };
		B72FE5F917416F4C00964DC4 /* work.png */ = {isa = PBXFileReference; lastKnownFileType = image.png; path = work.png; sourceTree = "<group>"; };
		B72FE69C1741724B00964DC4 /* UTEventsViewController.h */ = {isa = PBXFileReference; fileEncoding = 4; lastKnownFileType = sourcecode.c.h; path = UTEventsViewController.h; sourceTree = "<group>"; };
		B72FE69D1741724B00964DC4 /* UTEventsViewController.m */ = {isa = PBXFileReference; fileEncoding = 4; lastKnownFileType = sourcecode.c.objc; path = UTEventsViewController.m; sourceTree = "<group>"; };
		B72FE6A01741735A00964DC4 /* UTGeneralViewController.h */ = {isa = PBXFileReference; fileEncoding = 4; lastKnownFileType = sourcecode.c.h; path = UTGeneralViewController.h; sourceTree = "<group>"; };
		B72FE6A11741735A00964DC4 /* UTGeneralViewController.m */ = {isa = PBXFileReference; fileEncoding = 4; lastKnownFileType = sourcecode.c.objc; path = UTGeneralViewController.m; sourceTree = "<group>"; };
		B72FE6A617417C2400964DC4 /* UTBaseViewController.h */ = {isa = PBXFileReference; fileEncoding = 4; lastKnownFileType = sourcecode.c.h; path = UTBaseViewController.h; sourceTree = "<group>"; };
		B72FE6A717417C2400964DC4 /* UTBaseViewController.m */ = {isa = PBXFileReference; fileEncoding = 4; lastKnownFileType = sourcecode.c.objc; path = UTBaseViewController.m; sourceTree = "<group>"; };
		B72FE6A917417CDB00964DC4 /* UTCourceViewController.h */ = {isa = PBXFileReference; fileEncoding = 4; lastKnownFileType = sourcecode.c.h; path = UTCourceViewController.h; sourceTree = "<group>"; };
		B72FE6AA17417CDB00964DC4 /* UTCourceViewController.m */ = {isa = PBXFileReference; fileEncoding = 4; lastKnownFileType = sourcecode.c.objc; path = UTCourceViewController.m; sourceTree = "<group>"; };
		B72FE6AC17417CED00964DC4 /* UTLifeViewController.h */ = {isa = PBXFileReference; fileEncoding = 4; lastKnownFileType = sourcecode.c.h; path = UTLifeViewController.h; sourceTree = "<group>"; };
		B72FE6AD17417CED00964DC4 /* UTLifeViewController.m */ = {isa = PBXFileReference; fileEncoding = 4; lastKnownFileType = sourcecode.c.objc; path = UTLifeViewController.m; sourceTree = "<group>"; };
		B72FE7061744039500964DC4 /* QuartzCore.framework */ = {isa = PBXFileReference; lastKnownFileType = wrapper.framework; name = QuartzCore.framework; path = System/Library/Frameworks/QuartzCore.framework; sourceTree = SDKROOT; };
/* End PBXFileReference section */

/* Begin PBXFrameworksBuildPhase section */
		B72FE51E17416BEC00964DC4 /* Frameworks */ = {
			isa = PBXFrameworksBuildPhase;
			buildActionMask = 2147483647;
			files = (
				B72FE7071744039600964DC4 /* QuartzCore.framework in Frameworks */,
				B72FE52517416BEC00964DC4 /* UIKit.framework in Frameworks */,
				B72FE52717416BEC00964DC4 /* Foundation.framework in Frameworks */,
				B72FE52917416BEC00964DC4 /* CoreGraphics.framework in Frameworks */,
			);
			runOnlyForDeploymentPostprocessing = 0;
		};
/* End PBXFrameworksBuildPhase section */

/* Begin PBXGroup section */
		B70852B31749156E00453705 /* ImageViewer */ = {
			isa = PBXGroup;
			children = (
				B70852C917491F0C00453705 /* button_cancel.png */,
				B70852B41749156E00453705 /* Full Images */,
				B70852B81749156F00453705 /* ImageData.plist */,
				B70852B91749156F00453705 /* ImageScrollView.h */,
				B70852BA1749156F00453705 /* ImageScrollView.m */,
				B70852BB1749156F00453705 /* PhotoViewController.h */,
				B70852BC1749156F00453705 /* PhotoViewController.m */,
				B70852BD1749156F00453705 /* TilingView.h */,
				B70852BE1749156F00453705 /* TilingView.m */,
				B70852C617491BB400453705 /* UTImagePageViewController.h */,
				B70852C717491BB400453705 /* UTImagePageViewController.m */,
			);
			path = ImageViewer;
			sourceTree = "<group>";
		};
		B70852B41749156E00453705 /* Full Images */ = {
			isa = PBXGroup;
			children = (
				B70852B51749156E00453705 /* CuriousFrog.jpg */,
				B70852B61749156E00453705 /* LeggyFrog.jpg */,
				B70852B71749156E00453705 /* PeeringFrog.jpg */,
			);
			path = "Full Images";
			sourceTree = "<group>";
		};
		B72FE51817416BEC00964DC4 = {
			isa = PBXGroup;
			children = (
				B72FE52A17416BEC00964DC4 /* UnitasPR */,
				B72FE52317416BEC00964DC4 /* Frameworks */,
				B72FE52217416BEC00964DC4 /* Products */,
			);
			sourceTree = "<group>";
		};
		B72FE52217416BEC00964DC4 /* Products */ = {
			isa = PBXGroup;
			children = (
				B72FE52117416BEC00964DC4 /* UnitasPR.app */,
			);
			name = Products;
			sourceTree = "<group>";
		};
		B72FE52317416BEC00964DC4 /* Frameworks */ = {
			isa = PBXGroup;
			children = (
				B72FE7061744039500964DC4 /* QuartzCore.framework */,
				B72FE52417416BEC00964DC4 /* UIKit.framework */,
				B72FE52617416BEC00964DC4 /* Foundation.framework */,
				B72FE52817416BEC00964DC4 /* CoreGraphics.framework */,
			);
			name = Frameworks;
			sourceTree = "<group>";
		};
		B72FE52A17416BEC00964DC4 /* UnitasPR */ = {
			isa = PBXGroup;
			children = (
				B70852B31749156E00453705 /* ImageViewer */,
				B72FE6A317417C0A00964DC4 /* BaseViewController */,
				B72FE6A417417C0A00964DC4 /* CourceViewController */,
				B72FE6A517417C0A00964DC4 /* LifeViewController */,
				B72FE69F1741734700964DC4 /* GeneralViewController */,
				B72FE69B1741722900964DC4 /* Events */,
				B72FE54A17416F4B00964DC4 /* Images */,
				B72FE53317416BEC00964DC4 /* UTAppDelegate.h */,
				B72FE53417416BEC00964DC4 /* UTAppDelegate.m */,
				B72FE53C17416BEC00964DC4 /* MainStoryboard.storyboard */,
				B72FE52B17416BEC00964DC4 /* Supporting Files */,
			);
			path = UnitasPR;
			sourceTree = "<group>";
		};
		B72FE52B17416BEC00964DC4 /* Supporting Files */ = {
			isa = PBXGroup;
			children = (
				B72FE52C17416BEC00964DC4 /* UnitasPR-Info.plist */,
				B72FE52D17416BEC00964DC4 /* InfoPlist.strings */,
				B72FE53017416BEC00964DC4 /* main.m */,
				B72FE53217416BEC00964DC4 /* UnitasPR-Prefix.pch */,
				B72FE53617416BEC00964DC4 /* Default.png */,
				B72FE53817416BEC00964DC4 /* Default@2x.png */,
				B72FE53A17416BEC00964DC4 /* Default-568h@2x.png */,
			);
			name = "Supporting Files";
			sourceTree = "<group>";
		};
		B72FE54A17416F4B00964DC4 /* Images */ = {
			isa = PBXGroup;
			children = (
				B72FE54B17416F4B00964DC4 /* event-1 */,
				B72FE55617416F4B00964DC4 /* event-10 */,
				B72FE56117416F4B00964DC4 /* event-11 */,
				B72FE56C17416F4B00964DC4 /* event-12 */,
				B72FE57717416F4B00964DC4 /* event-2 */,
				B72FE58217416F4B00964DC4 /* event-3 */,
				B72FE58D17416F4B00964DC4 /* event-4 */,
				B72FE59817416F4B00964DC4 /* event-5 */,
				B72FE5A317416F4B00964DC4 /* event-6 */,
				B72FE5AE17416F4B00964DC4 /* event-7 */,
				B72FE5B917416F4B00964DC4 /* event-8 */,
				B72FE5C417416F4B00964DC4 /* event-9 */,
				B72FE5CF17416F4B00964DC4 /* General */,
				B72FE5ED17416F4C00964DC4 /* OtherScreen */,
			);
			path = Images;
			sourceTree = "<group>";
		};
		B72FE54B17416F4B00964DC4 /* event-1 */ = {
			isa = PBXGroup;
			children = (
				B72FE54C17416F4B00964DC4 /* event-1-1.jpg */,
				B72FE54D17416F4B00964DC4 /* event-1-10.jpg */,
				B72FE54E17416F4B00964DC4 /* event-1-2.jpg */,
				B72FE54F17416F4B00964DC4 /* event-1-3.jpg */,
				B72FE55017416F4B00964DC4 /* event-1-4.jpg */,
				B72FE55117416F4B00964DC4 /* event-1-5.jpg */,
				B72FE55217416F4B00964DC4 /* event-1-6.jpg */,
				B72FE55317416F4B00964DC4 /* event-1-7.jpg */,
				B72FE55417416F4B00964DC4 /* event-1-8.jpg */,
				B72FE55517416F4B00964DC4 /* event-1-9.jpg */,
			);
			path = "event-1";
			sourceTree = "<group>";
		};
		B72FE55617416F4B00964DC4 /* event-10 */ = {
			isa = PBXGroup;
			children = (
				B72FE55717416F4B00964DC4 /* event-10-1.jpg */,
				B72FE55817416F4B00964DC4 /* event-10-10.jpg */,
				B72FE55917416F4B00964DC4 /* event-10-2.jpg */,
				B72FE55A17416F4B00964DC4 /* event-10-3.jpg */,
				B72FE55B17416F4B00964DC4 /* event-10-4.jpg */,
				B72FE55C17416F4B00964DC4 /* event-10-5.jpg */,
				B72FE55D17416F4B00964DC4 /* event-10-6.jpg */,
				B72FE55E17416F4B00964DC4 /* event-10-7.jpg */,
				B72FE55F17416F4B00964DC4 /* event-10-8.jpg */,
				B72FE56017416F4B00964DC4 /* event-10-9.jpg */,
			);
			path = "event-10";
			sourceTree = "<group>";
		};
		B72FE56117416F4B00964DC4 /* event-11 */ = {
			isa = PBXGroup;
			children = (
				B72FE56217416F4B00964DC4 /* event-11-1.jpg */,
				B72FE56317416F4B00964DC4 /* event-11-10.jpg */,
				B72FE56417416F4B00964DC4 /* event-11-2.jpg */,
				B72FE56517416F4B00964DC4 /* event-11-3.jpg */,
				B72FE56617416F4B00964DC4 /* event-11-4.jpg */,
				B72FE56717416F4B00964DC4 /* event-11-5.jpg */,
				B72FE56817416F4B00964DC4 /* event-11-6.jpg */,
				B72FE56917416F4B00964DC4 /* event-11-7.jpg */,
				B72FE56A17416F4B00964DC4 /* event-11-8.jpg */,
				B72FE56B17416F4B00964DC4 /* event-11-9.jpg */,
			);
			path = "event-11";
			sourceTree = "<group>";
		};
		B72FE56C17416F4B00964DC4 /* event-12 */ = {
			isa = PBXGroup;
			children = (
				B72FE56D17416F4B00964DC4 /* event-12-1.jpg */,
				B72FE56E17416F4B00964DC4 /* event-12-10.jpg */,
				B72FE56F17416F4B00964DC4 /* event-12-2.jpg */,
				B72FE57017416F4B00964DC4 /* event-12-3.jpg */,
				B72FE57117416F4B00964DC4 /* event-12-4.jpg */,
				B72FE57217416F4B00964DC4 /* event-12-5.jpg */,
				B72FE57317416F4B00964DC4 /* event-12-6.jpg */,
				B72FE57417416F4B00964DC4 /* event-12-7.jpg */,
				B72FE57517416F4B00964DC4 /* event-12-8.jpg */,
				B72FE57617416F4B00964DC4 /* event-12-9.jpg */,
			);
			path = "event-12";
			sourceTree = "<group>";
		};
		B72FE57717416F4B00964DC4 /* event-2 */ = {
			isa = PBXGroup;
			children = (
				B72FE57817416F4B00964DC4 /* event-2-1.jpg */,
				B72FE57917416F4B00964DC4 /* event-2-10.jpg */,
				B72FE57A17416F4B00964DC4 /* event-2-2.jpg */,
				B72FE57B17416F4B00964DC4 /* event-2-3.jpg */,
				B72FE57C17416F4B00964DC4 /* event-2-4.jpg */,
				B72FE57D17416F4B00964DC4 /* event-2-5.jpg */,
				B72FE57E17416F4B00964DC4 /* event-2-6.jpg */,
				B72FE57F17416F4B00964DC4 /* event-2-7.jpg */,
				B72FE58017416F4B00964DC4 /* event-2-8.jpg */,
				B72FE58117416F4B00964DC4 /* event-2-9.jpg */,
			);
			path = "event-2";
			sourceTree = "<group>";
		};
		B72FE58217416F4B00964DC4 /* event-3 */ = {
			isa = PBXGroup;
			children = (
				B72FE58317416F4B00964DC4 /* event-3-1.jpg */,
				B72FE58417416F4B00964DC4 /* event-3-10.jpg */,
				B72FE58517416F4B00964DC4 /* event-3-2.jpg */,
				B72FE58617416F4B00964DC4 /* event-3-3.jpg */,
				B72FE58717416F4B00964DC4 /* event-3-4.jpg */,
				B72FE58817416F4B00964DC4 /* event-3-5.jpg */,
				B72FE58917416F4B00964DC4 /* event-3-6.jpg */,
				B72FE58A17416F4B00964DC4 /* event-3-7.jpg */,
				B72FE58B17416F4B00964DC4 /* event-3-8.jpg */,
				B72FE58C17416F4B00964DC4 /* event-3-9.jpg */,
			);
			path = "event-3";
			sourceTree = "<group>";
		};
		B72FE58D17416F4B00964DC4 /* event-4 */ = {
			isa = PBXGroup;
			children = (
				B72FE58E17416F4B00964DC4 /* event-4-1.jpg */,
				B72FE58F17416F4B00964DC4 /* event-4-10.jpg */,
				B72FE59017416F4B00964DC4 /* event-4-2.jpg */,
				B72FE59117416F4B00964DC4 /* event-4-3.jpg */,
				B72FE59217416F4B00964DC4 /* event-4-4.jpg */,
				B72FE59317416F4B00964DC4 /* event-4-5.jpg */,
				B72FE59417416F4B00964DC4 /* event-4-6.jpg */,
				B72FE59517416F4B00964DC4 /* event-4-7.jpg */,
				B72FE59617416F4B00964DC4 /* event-4-8.jpg */,
				B72FE59717416F4B00964DC4 /* event-4-9.jpg */,
			);
			path = "event-4";
			sourceTree = "<group>";
		};
		B72FE59817416F4B00964DC4 /* event-5 */ = {
			isa = PBXGroup;
			children = (
				B72FE59917416F4B00964DC4 /* event-5-1.jpg */,
				B72FE59A17416F4B00964DC4 /* event-5-10.jpg */,
				B72FE59B17416F4B00964DC4 /* event-5-2.jpg */,
				B72FE59C17416F4B00964DC4 /* event-5-3.jpg */,
				B72FE59D17416F4B00964DC4 /* event-5-4.jpg */,
				B72FE59E17416F4B00964DC4 /* event-5-5.jpg */,
				B72FE59F17416F4B00964DC4 /* event-5-6.jpg */,
				B72FE5A017416F4B00964DC4 /* event-5-7.jpg */,
				B72FE5A117416F4B00964DC4 /* event-5-8.jpg */,
				B72FE5A217416F4B00964DC4 /* event-5-9.jpg */,
			);
			path = "event-5";
			sourceTree = "<group>";
		};
		B72FE5A317416F4B00964DC4 /* event-6 */ = {
			isa = PBXGroup;
			children = (
				B72FE5A417416F4B00964DC4 /* event-6-1.jpg */,
				B72FE5A517416F4B00964DC4 /* event-6-10.jpg */,
				B72FE5A617416F4B00964DC4 /* event-6-2.jpg */,
				B72FE5A717416F4B00964DC4 /* event-6-3.jpg */,
				B72FE5A817416F4B00964DC4 /* event-6-4.jpg */,
				B72FE5A917416F4B00964DC4 /* event-6-5.jpg */,
				B72FE5AA17416F4B00964DC4 /* event-6-6.jpg */,
				B72FE5AB17416F4B00964DC4 /* event-6-7.jpg */,
				B72FE5AC17416F4B00964DC4 /* event-6-8.jpg */,
				B72FE5AD17416F4B00964DC4 /* event-6-9.jpg */,
			);
			path = "event-6";
			sourceTree = "<group>";
		};
		B72FE5AE17416F4B00964DC4 /* event-7 */ = {
			isa = PBXGroup;
			children = (
				B72FE5AF17416F4B00964DC4 /* event-7-1.jpg */,
				B72FE5B017416F4B00964DC4 /* event-7-10.jpg */,
				B72FE5B117416F4B00964DC4 /* event-7-2.jpg */,
				B72FE5B217416F4B00964DC4 /* event-7-3.jpg */,
				B72FE5B317416F4B00964DC4 /* event-7-4.jpg */,
				B72FE5B417416F4B00964DC4 /* event-7-5.jpg */,
				B72FE5B517416F4B00964DC4 /* event-7-6.jpg */,
				B72FE5B617416F4B00964DC4 /* event-7-7.jpg */,
				B72FE5B717416F4B00964DC4 /* event-7-8.jpg */,
				B72FE5B817416F4B00964DC4 /* event-7-9.jpg */,
			);
			path = "event-7";
			sourceTree = "<group>";
		};
		B72FE5B917416F4B00964DC4 /* event-8 */ = {
			isa = PBXGroup;
			children = (
				B72FE5BA17416F4B00964DC4 /* event-8-1.jpg */,
				B72FE5BB17416F4B00964DC4 /* event-8-10.jpg */,
				B72FE5BC17416F4B00964DC4 /* event-8-2.jpg */,
				B72FE5BD17416F4B00964DC4 /* event-8-3.jpg */,
				B72FE5BE17416F4B00964DC4 /* event-8-4.jpg */,
				B72FE5BF17416F4B00964DC4 /* event-8-5.jpg */,
				B72FE5C017416F4B00964DC4 /* event-8-6.jpg */,
				B72FE5C117416F4B00964DC4 /* event-8-7.jpg */,
				B72FE5C217416F4B00964DC4 /* event-8-8.jpg */,
				B72FE5C317416F4B00964DC4 /* event-8-9.jpg */,
			);
			path = "event-8";
			sourceTree = "<group>";
		};
		B72FE5C417416F4B00964DC4 /* event-9 */ = {
			isa = PBXGroup;
			children = (
				B72FE5C517416F4B00964DC4 /* event-9-1.jpg */,
				B72FE5C617416F4B00964DC4 /* event-9-10.jpg */,
				B72FE5C717416F4B00964DC4 /* event-9-2.jpg */,
				B72FE5C817416F4B00964DC4 /* event-9-3.jpg */,
				B72FE5C917416F4B00964DC4 /* event-9-4.jpg */,
				B72FE5CA17416F4B00964DC4 /* event-9-5.jpg */,
				B72FE5CB17416F4B00964DC4 /* event-9-6.jpg */,
				B72FE5CC17416F4B00964DC4 /* event-9-7.jpg */,
				B72FE5CD17416F4B00964DC4 /* event-9-8.jpg */,
				B72FE5CE17416F4B00964DC4 /* event-9-9.jpg */,
			);
			path = "event-9";
			sourceTree = "<group>";
		};
		B72FE5CF17416F4B00964DC4 /* General */ = {
			isa = PBXGroup;
			children = (
				B72FE5D017416F4B00964DC4 /* BGFinal.png */,
				B72FE5D117416F4B00964DC4 /* BGFinal1.png */,
				B72FE5D217416F4B00964DC4 /* general1.png */,
				B72FE5D317416F4B00964DC4 /* general10.png */,
				B72FE5D417416F4C00964DC4 /* general11.png */,
				B72FE5D517416F4C00964DC4 /* general13.png */,
				B72FE5D617416F4C00964DC4 /* general2.png */,
				B72FE5D717416F4C00964DC4 /* general3.png */,
				B72FE5D817416F4C00964DC4 /* general4.png */,
				B72FE5D917416F4C00964DC4 /* general5.png */,
				B72FE5DA17416F4C00964DC4 /* general6.png */,
				B72FE5DB17416F4C00964DC4 /* general7.png */,
				B72FE5DC17416F4C00964DC4 /* general8.png */,
				B72FE5DD17416F4C00964DC4 /* general9.png */,
				B72FE5DE17416F4C00964DC4 /* icon.png */,
				B72FE5DF17416F4C00964DC4 /* icon1.png */,
				B72FE5E017416F4C00964DC4 /* T1.png */,
				B72FE5E117416F4C00964DC4 /* T10.png */,
				B72FE5E217416F4C00964DC4 /* T11.png */,
				B72FE5E317416F4C00964DC4 /* T12.png */,
				B72FE5E417416F4C00964DC4 /* T2.png */,
				B72FE5E517416F4C00964DC4 /* T3.png */,
				B72FE5E617416F4C00964DC4 /* T4.png */,
				B72FE5E717416F4C00964DC4 /* T5.png */,
				B72FE5E817416F4C00964DC4 /* T6.png */,
				B72FE5E917416F4C00964DC4 /* T7.png */,
				B72FE5EA17416F4C00964DC4 /* T8.png */,
				B72FE5EB17416F4C00964DC4 /* T9.png */,
				B72FE5EC17416F4C00964DC4 /* unitas.png */,
			);
			path = General;
			sourceTree = "<group>";
		};
		B72FE5ED17416F4C00964DC4 /* OtherScreen */ = {
			isa = PBXGroup;
			children = (
				B72FE5EE17416F4C00964DC4 /* apatoStyle.png */,
				B72FE5EF17416F4C00964DC4 /* arubaito1.png */,
				B72FE5F017416F4C00964DC4 /* arubaito2.png */,
				B72FE5F117416F4C00964DC4 /* arubaito3.png */,
				B72FE5F217416F4C00964DC4 /* arubaitoStyle.png */,
				B72FE5F317416F4C00964DC4 /* bgForOtherScreens.png */,
				B72FE5F417416F4C00964DC4 /* book1.png */,
				B72FE5F517416F4C00964DC4 /* courceStyle.png */,
				B72FE5F617416F4C00964DC4 /* hp1.png */,
				B72FE5F717416F4C00964DC4 /* hp2.png */,
				B72FE5F817416F4C00964DC4 /* ktx.png */,
				B72FE5F917416F4C00964DC4 /* work.png */,
			);
			path = OtherScreen;
			sourceTree = "<group>";
		};
		B72FE69B1741722900964DC4 /* Events */ = {
			isa = PBXGroup;
			children = (
				B72FE69C1741724B00964DC4 /* UTEventsViewController.h */,
				B72FE69D1741724B00964DC4 /* UTEventsViewController.m */,
			);
			path = Events;
			sourceTree = "<group>";
		};
		B72FE69F1741734700964DC4 /* GeneralViewController */ = {
			isa = PBXGroup;
			children = (
				B72FE6A01741735A00964DC4 /* UTGeneralViewController.h */,
				B72FE6A11741735A00964DC4 /* UTGeneralViewController.m */,
			);
			path = GeneralViewController;
			sourceTree = "<group>";
		};
		B72FE6A317417C0A00964DC4 /* BaseViewController */ = {
			isa = PBXGroup;
			children = (
				B72FE6A617417C2400964DC4 /* UTBaseViewController.h */,
				B72FE6A717417C2400964DC4 /* UTBaseViewController.m */,
			);
			path = BaseViewController;
			sourceTree = "<group>";
		};
		B72FE6A417417C0A00964DC4 /* CourceViewController */ = {
			isa = PBXGroup;
			children = (
				B72FE6A917417CDB00964DC4 /* UTCourceViewController.h */,
				B72FE6AA17417CDB00964DC4 /* UTCourceViewController.m */,
			);
			path = CourceViewController;
			sourceTree = "<group>";
		};
		B72FE6A517417C0A00964DC4 /* LifeViewController */ = {
			isa = PBXGroup;
			children = (
				B72FE6AC17417CED00964DC4 /* UTLifeViewController.h */,
				B72FE6AD17417CED00964DC4 /* UTLifeViewController.m */,
			);
			path = LifeViewController;
			sourceTree = "<group>";
		};
/* End PBXGroup section */

/* Begin PBXNativeTarget section */
		B72FE52017416BEC00964DC4 /* UnitasPR */ = {
			isa = PBXNativeTarget;
			buildConfigurationList = B72FE54717416BED00964DC4 /* Build configuration list for PBXNativeTarget "UnitasPR" */;
			buildPhases = (
				B72FE51D17416BEC00964DC4 /* Sources */,
				B72FE51E17416BEC00964DC4 /* Frameworks */,
				B72FE51F17416BEC00964DC4 /* Resources */,
			);
			buildRules = (
			);
			dependencies = (
			);
			name = UnitasPR;
			productName = UnitasPR;
			productReference = B72FE52117416BEC00964DC4 /* UnitasPR.app */;
			productType = "com.apple.product-type.application";
		};
/* End PBXNativeTarget section */

/* Begin PBXProject section */
		B72FE51917416BEC00964DC4 /* Project object */ = {
			isa = PBXProject;
			attributes = {
				CLASSPREFIX = UT;
				LastUpgradeCheck = 0460;
				ORGANIZATIONNAME = "ナム";
			};
			buildConfigurationList = B72FE51C17416BEC00964DC4 /* Build configuration list for PBXProject "UnitasPR" */;
			compatibilityVersion = "Xcode 3.2";
			developmentRegion = English;
			hasScannedForEncodings = 0;
			knownRegions = (
				en,
				ja,
			);
			mainGroup = B72FE51817416BEC00964DC4;
			productRefGroup = B72FE52217416BEC00964DC4 /* Products */;
			projectDirPath = "";
			projectRoot = "";
			targets = (
				B72FE52017416BEC00964DC4 /* UnitasPR */,
			);
		};
/* End PBXProject section */

/* Begin PBXResourcesBuildPhase section */
		B72FE51F17416BEC00964DC4 /* Resources */ = {
			isa = PBXResourcesBuildPhase;
			buildActionMask = 2147483647;
			files = (
				B72FE52F17416BEC00964DC4 /* InfoPlist.strings in Resources */,
				B72FE53717416BEC00964DC4 /* Default.png in Resources */,
				B72FE53917416BEC00964DC4 /* Default@2x.png in Resources */,
				B72FE53B17416BEC00964DC4 /* Default-568h@2x.png in Resources */,
				B72FE53E17416BEC00964DC4 /* MainStoryboard.storyboard in Resources */,
				B72FE5FA17416F4C00964DC4 /* event-1-1.jpg in Resources */,
				B72FE5FB17416F4C00964DC4 /* event-1-10.jpg in Resources */,
				B72FE5FC17416F4C00964DC4 /* event-1-2.jpg in Resources */,
				B72FE5FD17416F4C00964DC4 /* event-1-3.jpg in Resources */,
				B72FE5FE17416F4C00964DC4 /* event-1-4.jpg in Resources */,
				B72FE5FF17416F4C00964DC4 /* event-1-5.jpg in Resources */,
				B72FE60017416F4C00964DC4 /* event-1-6.jpg in Resources */,
				B72FE60117416F4C00964DC4 /* event-1-7.jpg in Resources */,
				B72FE60217416F4C00964DC4 /* event-1-8.jpg in Resources */,
				B72FE60317416F4C00964DC4 /* event-1-9.jpg in Resources */,
				B72FE60417416F4C00964DC4 /* event-10-1.jpg in Resources */,
				B72FE60517416F4C00964DC4 /* event-10-10.jpg in Resources */,
				B72FE60617416F4C00964DC4 /* event-10-2.jpg in Resources */,
				B72FE60717416F4C00964DC4 /* event-10-3.jpg in Resources */,
				B72FE60817416F4C00964DC4 /* event-10-4.jpg in Resources */,
				B72FE60917416F4C00964DC4 /* event-10-5.jpg in Resources */,
				B72FE60A17416F4C00964DC4 /* event-10-6.jpg in Resources */,
				B72FE60B17416F4C00964DC4 /* event-10-7.jpg in Resources */,
				B72FE60C17416F4C00964DC4 /* event-10-8.jpg in Resources */,
				B72FE60D17416F4C00964DC4 /* event-10-9.jpg in Resources */,
				B72FE60E17416F4C00964DC4 /* event-11-1.jpg in Resources */,
				B72FE60F17416F4C00964DC4 /* event-11-10.jpg in Resources */,
				B72FE61017416F4C00964DC4 /* event-11-2.jpg in Resources */,
				B72FE61117416F4C00964DC4 /* event-11-3.jpg in Resources */,
				B72FE61217416F4C00964DC4 /* event-11-4.jpg in Resources */,
				B72FE61317416F4C00964DC4 /* event-11-5.jpg in Resources */,
				B72FE61417416F4C00964DC4 /* event-11-6.jpg in Resources */,
				B72FE61517416F4C00964DC4 /* event-11-7.jpg in Resources */,
				B72FE61617416F4C00964DC4 /* event-11-8.jpg in Resources */,
				B72FE61717416F4C00964DC4 /* event-11-9.jpg in Resources */,
				B72FE61817416F4C00964DC4 /* event-12-1.jpg in Resources */,
				B72FE61917416F4C00964DC4 /* event-12-10.jpg in Resources */,
				B72FE61A17416F4C00964DC4 /* event-12-2.jpg in Resources */,
				B72FE61B17416F4C00964DC4 /* event-12-3.jpg in Resources */,
				B72FE61C17416F4C00964DC4 /* event-12-4.jpg in Resources */,
				B72FE61D17416F4C00964DC4 /* event-12-5.jpg in Resources */,
				B72FE61E17416F4C00964DC4 /* event-12-6.jpg in Resources */,
				B72FE61F17416F4C00964DC4 /* event-12-7.jpg in Resources */,
				B72FE62017416F4C00964DC4 /* event-12-8.jpg in Resources */,
				B72FE62117416F4C00964DC4 /* event-12-9.jpg in Resources */,
				B72FE62217416F4C00964DC4 /* event-2-1.jpg in Resources */,
				B72FE62317416F4C00964DC4 /* event-2-10.jpg in Resources */,
				B72FE62417416F4C00964DC4 /* event-2-2.jpg in Resources */,
				B72FE62517416F4C00964DC4 /* event-2-3.jpg in Resources */,
				B72FE62617416F4C00964DC4 /* event-2-4.jpg in Resources */,
				B72FE62717416F4C00964DC4 /* event-2-5.jpg in Resources */,
				B72FE62817416F4C00964DC4 /* event-2-6.jpg in Resources */,
				B72FE62917416F4C00964DC4 /* event-2-7.jpg in Resources */,
				B72FE62A17416F4C00964DC4 /* event-2-8.jpg in Resources */,
				B72FE62B17416F4C00964DC4 /* event-2-9.jpg in Resources */,
				B72FE62C17416F4C00964DC4 /* event-3-1.jpg in Resources */,
				B72FE62D17416F4C00964DC4 /* event-3-10.jpg in Resources */,
				B72FE62E17416F4C00964DC4 /* event-3-2.jpg in Resources */,
				B72FE62F17416F4C00964DC4 /* event-3-3.jpg in Resources */,
				B72FE63017416F4C00964DC4 /* event-3-4.jpg in Resources */,
				B72FE63117416F4C00964DC4 /* event-3-5.jpg in Resources */,
				B72FE63217416F4C00964DC4 /* event-3-6.jpg in Resources */,
				B72FE63317416F4C00964DC4 /* event-3-7.jpg in Resources */,
				B72FE63417416F4C00964DC4 /* event-3-8.jpg in Resources */,
				B72FE63517416F4C00964DC4 /* event-3-9.jpg in Resources */,
				B72FE63617416F4C00964DC4 /* event-4-1.jpg in Resources */,
				B72FE63717416F4C00964DC4 /* event-4-10.jpg in Resources */,
				B72FE63817416F4C00964DC4 /* event-4-2.jpg in Resources */,
				B72FE63917416F4C00964DC4 /* event-4-3.jpg in Resources */,
				B72FE63A17416F4C00964DC4 /* event-4-4.jpg in Resources */,
				B72FE63B17416F4C00964DC4 /* event-4-5.jpg in Resources */,
				B72FE63C17416F4C00964DC4 /* event-4-6.jpg in Resources */,
				B72FE63D17416F4C00964DC4 /* event-4-7.jpg in Resources */,
				B72FE63E17416F4C00964DC4 /* event-4-8.jpg in Resources */,
				B72FE63F17416F4C00964DC4 /* event-4-9.jpg in Resources */,
				B72FE64017416F4C00964DC4 /* event-5-1.jpg in Resources */,
				B72FE64117416F4C00964DC4 /* event-5-10.jpg in Resources */,
				B72FE64217416F4C00964DC4 /* event-5-2.jpg in Resources */,
				B72FE64317416F4C00964DC4 /* event-5-3.jpg in Resources */,
				B72FE64417416F4C00964DC4 /* event-5-4.jpg in Resources */,
				B72FE64517416F4C00964DC4 /* event-5-5.jpg in Resources */,
				B72FE64617416F4C00964DC4 /* event-5-6.jpg in Resources */,
				B72FE64717416F4C00964DC4 /* event-5-7.jpg in Resources */,
				B72FE64817416F4C00964DC4 /* event-5-8.jpg in Resources */,
				B72FE64917416F4C00964DC4 /* event-5-9.jpg in Resources */,
				B72FE64A17416F4C00964DC4 /* event-6-1.jpg in Resources */,
				B72FE64B17416F4C00964DC4 /* event-6-10.jpg in Resources */,
				B72FE64C17416F4C00964DC4 /* event-6-2.jpg in Resources */,
				B72FE64D17416F4C00964DC4 /* event-6-3.jpg in Resources */,
				B72FE64E17416F4C00964DC4 /* event-6-4.jpg in Resources */,
				B72FE64F17416F4C00964DC4 /* event-6-5.jpg in Resources */,
				B72FE65017416F4C00964DC4 /* event-6-6.jpg in Resources */,
				B72FE65117416F4C00964DC4 /* event-6-7.jpg in Resources */,
				B72FE65217416F4C00964DC4 /* event-6-8.jpg in Resources */,
				B72FE65317416F4C00964DC4 /* event-6-9.jpg in Resources */,
				B72FE65417416F4C00964DC4 /* event-7-1.jpg in Resources */,
				B72FE65517416F4C00964DC4 /* event-7-10.jpg in Resources */,
				B72FE65617416F4C00964DC4 /* event-7-2.jpg in Resources */,
				B72FE65717416F4C00964DC4 /* event-7-3.jpg in Resources */,
				B72FE65817416F4C00964DC4 /* event-7-4.jpg in Resources */,
				B72FE65917416F4C00964DC4 /* event-7-5.jpg in Resources */,
				B72FE65A17416F4C00964DC4 /* event-7-6.jpg in Resources */,
				B72FE65B17416F4C00964DC4 /* event-7-7.jpg in Resources */,
				B72FE65C17416F4C00964DC4 /* event-7-8.jpg in Resources */,
				B72FE65D17416F4C00964DC4 /* event-7-9.jpg in Resources */,
				B72FE65E17416F4C00964DC4 /* event-8-1.jpg in Resources */,
				B72FE65F17416F4C00964DC4 /* event-8-10.jpg in Resources */,
				B72FE66017416F4C00964DC4 /* event-8-2.jpg in Resources */,
				B72FE66117416F4C00964DC4 /* event-8-3.jpg in Resources */,
				B72FE66217416F4C00964DC4 /* event-8-4.jpg in Resources */,
				B72FE66317416F4C00964DC4 /* event-8-5.jpg in Resources */,
				B72FE66417416F4C00964DC4 /* event-8-6.jpg in Resources */,
				B72FE66517416F4C00964DC4 /* event-8-7.jpg in Resources */,
				B72FE66617416F4C00964DC4 /* event-8-8.jpg in Resources */,
				B72FE66717416F4C00964DC4 /* event-8-9.jpg in Resources */,
				B72FE66817416F4C00964DC4 /* event-9-1.jpg in Resources */,
				B72FE66917416F4C00964DC4 /* event-9-10.jpg in Resources */,
				B72FE66A17416F4C00964DC4 /* event-9-2.jpg in Resources */,
				B72FE66B17416F4C00964DC4 /* event-9-3.jpg in Resources */,
				B72FE66C17416F4C00964DC4 /* event-9-4.jpg in Resources */,
				B72FE66D17416F4C00964DC4 /* event-9-5.jpg in Resources */,
				B72FE66E17416F4C00964DC4 /* event-9-6.jpg in Resources */,
				B72FE66F17416F4C00964DC4 /* event-9-7.jpg in Resources */,
				B72FE67017416F4C00964DC4 /* event-9-8.jpg in Resources */,
				B72FE67117416F4C00964DC4 /* event-9-9.jpg in Resources */,
				B72FE67217416F4C00964DC4 /* BGFinal.png in Resources */,
				B72FE67317416F4C00964DC4 /* BGFinal1.png in Resources */,
				B72FE67417416F4C00964DC4 /* general1.png in Resources */,
				B72FE67517416F4C00964DC4 /* general10.png in Resources */,
				B72FE67617416F4C00964DC4 /* general11.png in Resources */,
				B72FE67717416F4C00964DC4 /* general13.png in Resources */,
				B72FE67817416F4C00964DC4 /* general2.png in Resources */,
				B72FE67917416F4C00964DC4 /* general3.png in Resources */,
				B72FE67A17416F4C00964DC4 /* general4.png in Resources */,
				B72FE67B17416F4C00964DC4 /* general5.png in Resources */,
				B72FE67C17416F4C00964DC4 /* general6.png in Resources */,
				B72FE67D17416F4C00964DC4 /* general7.png in Resources */,
				B72FE67E17416F4C00964DC4 /* general8.png in Resources */,
				B72FE67F17416F4C00964DC4 /* general9.png in Resources */,
				B72FE68017416F4C00964DC4 /* icon.png in Resources */,
				B72FE68117416F4C00964DC4 /* icon1.png in Resources */,
				B72FE68217416F4C00964DC4 /* T1.png in Resources */,
				B72FE68317416F4C00964DC4 /* T10.png in Resources */,
				B72FE68417416F4C00964DC4 /* T11.png in Resources */,
				B72FE68517416F4C00964DC4 /* T12.png in Resources */,
				B72FE68617416F4C00964DC4 /* T2.png in Resources */,
				B72FE68717416F4C00964DC4 /* T3.png in Resources */,
				B72FE68817416F4C00964DC4 /* T4.png in Resources */,
				B72FE68917416F4C00964DC4 /* T5.png in Resources */,
				B72FE68A17416F4C00964DC4 /* T6.png in Resources */,
				B72FE68B17416F4C00964DC4 /* T7.png in Resources */,
				B72FE68C17416F4C00964DC4 /* T8.png in Resources */,
				B72FE68D17416F4C00964DC4 /* T9.png in Resources */,
				B72FE68E17416F4C00964DC4 /* unitas.png in Resources */,
				B72FE68F17416F4C00964DC4 /* apatoStyle.png in Resources */,
				B72FE69017416F4C00964DC4 /* arubaito1.png in Resources */,
				B72FE69117416F4C00964DC4 /* arubaito2.png in Resources */,
				B72FE69217416F4C00964DC4 /* arubaito3.png in Resources */,
				B72FE69317416F4C00964DC4 /* arubaitoStyle.png in Resources */,
				B72FE69417416F4C00964DC4 /* bgForOtherScreens.png in Resources */,
				B72FE69517416F4C00964DC4 /* book1.png in Resources */,
				B72FE69617416F4C00964DC4 /* courceStyle.png in Resources */,
				B72FE69717416F4C00964DC4 /* hp1.png in Resources */,
				B72FE69817416F4C00964DC4 /* hp2.png in Resources */,
				B72FE69917416F4C00964DC4 /* ktx.png in Resources */,
				B72FE69A17416F4C00964DC4 /* work.png in Resources */,
				B70852BF1749156F00453705 /* CuriousFrog.jpg in Resources */,
				B70852C01749156F00453705 /* LeggyFrog.jpg in Resources */,
				B70852C11749156F00453705 /* PeeringFrog.jpg in Resources */,
				B70852C21749156F00453705 /* ImageData.plist in Resources */,
				B70852CA17491F0C00453705 /* button_cancel.png in Resources */,
			);
			runOnlyForDeploymentPostprocessing = 0;
		};
/* End PBXResourcesBuildPhase section */

/* Begin PBXSourcesBuildPhase section */
		B72FE51D17416BEC00964DC4 /* Sources */ = {
			isa = PBXSourcesBuildPhase;
			buildActionMask = 2147483647;
			files = (
				B72FE53117416BEC00964DC4 /* main.m in Sources */,
				B72FE53517416BEC00964DC4 /* UTAppDelegate.m in Sources */,
				B72FE69E1741724B00964DC4 /* UTEventsViewController.m in Sources */,
				B72FE6A21741735A00964DC4 /* UTGeneralViewController.m in Sources */,
				B72FE6A817417C2400964DC4 /* UTBaseViewController.m in Sources */,
				B72FE6AB17417CDB00964DC4 /* UTCourceViewController.m in Sources */,
				B72FE6AE17417CED00964DC4 /* UTLifeViewController.m in Sources */,
				B70852C31749156F00453705 /* ImageScrollView.m in Sources */,
				B70852C41749156F00453705 /* PhotoViewController.m in Sources */,
				B70852C51749156F00453705 /* TilingView.m in Sources */,
				B70852C817491BB400453705 /* UTImagePageViewController.m in Sources */,
			);
			runOnlyForDeploymentPostprocessing = 0;
		};
/* End PBXSourcesBuildPhase section */

/* Begin PBXVariantGroup section */
		B72FE52D17416BEC00964DC4 /* InfoPlist.strings */ = {
			isa = PBXVariantGroup;
			children = (
				B72FE52E17416BEC00964DC4 /* en */,
			);
			name = InfoPlist.strings;
			sourceTree = "<group>";
		};
		B72FE53C17416BEC00964DC4 /* MainStoryboard.storyboard */ = {
			isa = PBXVariantGroup;
			children = (
				B72FE53D17416BEC00964DC4 /* en */,
			);
			name = MainStoryboard.storyboard;
			sourceTree = "<group>";
		};
/* End PBXVariantGroup section */

/* Begin XCBuildConfiguration section */
		B72FE54517416BED00964DC4 /* Debug */ = {
			isa = XCBuildConfiguration;
			buildSettings = {
				ALWAYS_SEARCH_USER_PATHS = NO;
				CLANG_CXX_LANGUAGE_STANDARD = "gnu++0x";
				CLANG_CXX_LIBRARY = "libc++";
				CLANG_ENABLE_OBJC_ARC = YES;
				CLANG_WARN_CONSTANT_CONVERSION = YES;
				CLANG_WARN_EMPTY_BODY = YES;
				CLANG_WARN_ENUM_CONVERSION = YES;
				CLANG_WARN_INT_CONVERSION = YES;
				CLANG_WARN__DUPLICATE_METHOD_MATCH = YES;
				CODE_SIGN_IDENTITY = "iPhone Distribution: Dinh Hoang Nguyen (8H3PBNTTZU)";
				"CODE_SIGN_IDENTITY[sdk=iphoneos*]" = "iPhone Distribution: Dinh Hoang Nguyen (8H3PBNTTZU)";
				COPY_PHASE_STRIP = NO;
				GCC_C_LANGUAGE_STANDARD = gnu99;
				GCC_DYNAMIC_NO_PIC = NO;
				GCC_OPTIMIZATION_LEVEL = 0;
				GCC_PREPROCESSOR_DEFINITIONS = (
					"DEBUG=1",
					"$(inherited)",
				);
				GCC_SYMBOLS_PRIVATE_EXTERN = NO;
				GCC_WARN_ABOUT_RETURN_TYPE = YES;
				GCC_WARN_UNINITIALIZED_AUTOS = YES;
				GCC_WARN_UNUSED_VARIABLE = YES;
				IPHONEOS_DEPLOYMENT_TARGET = 5.1;
				ONLY_ACTIVE_ARCH = YES;
				PROVISIONING_PROFILE = "06368483-6AF1-47FA-AC84-AAFEBDCCD66F";
				"PROVISIONING_PROFILE[sdk=iphoneos*]" = "06368483-6AF1-47FA-AC84-AAFEBDCCD66F";
				SDKROOT = iphoneos;
				TARGETED_DEVICE_FAMILY = 2;
			};
			name = Debug;
		};
		B72FE54617416BED00964DC4 /* Release */ = {
			isa = XCBuildConfiguration;
			buildSettings = {
				ALWAYS_SEARCH_USER_PATHS = NO;
				CLANG_CXX_LANGUAGE_STANDARD = "gnu++0x";
				CLANG_CXX_LIBRARY = "libc++";
				CLANG_ENABLE_OBJC_ARC = YES;
				CLANG_WARN_CONSTANT_CONVERSION = YES;
				CLANG_WARN_EMPTY_BODY = YES;
				CLANG_WARN_ENUM_CONVERSION = YES;
				CLANG_WARN_INT_CONVERSION = YES;
				CLANG_WARN__DUPLICATE_METHOD_MATCH = YES;
				CODE_SIGN_IDENTITY = "iPhone Distribution: Dinh Hoang Nguyen (8H3PBNTTZU)";
				"CODE_SIGN_IDENTITY[sdk=iphoneos*]" = "iPhone Distribution: Dinh Hoang Nguyen (8H3PBNTTZU)";
				COPY_PHASE_STRIP = YES;
				GCC_C_LANGUAGE_STANDARD = gnu99;
				GCC_WARN_ABOUT_RETURN_TYPE = YES;
				GCC_WARN_UNINITIALIZED_AUTOS = YES;
				GCC_WARN_UNUSED_VARIABLE = YES;
				IPHONEOS_DEPLOYMENT_TARGET = 5.1;
				OTHER_CFLAGS = "-DNS_BLOCK_ASSERTIONS=1";
				PROVISIONING_PROFILE = "06368483-6AF1-47FA-AC84-AAFEBDCCD66F";
				"PROVISIONING_PROFILE[sdk=iphoneos*]" = "06368483-6AF1-47FA-AC84-AAFEBDCCD66F";
				SDKROOT = iphoneos;
				TARGETED_DEVICE_FAMILY = 2;
				VALIDATE_PRODUCT = YES;
			};
			name = Release;
		};
		B72FE54817416BED00964DC4 /* Debug */ = {
			isa = XCBuildConfiguration;
			buildSettings = {
				GCC_PRECOMPILE_PREFIX_HEADER = YES;
				GCC_PREFIX_HEADER = "UnitasPR/UnitasPR-Prefix.pch";
				INFOPLIST_FILE = "UnitasPR/UnitasPR-Info.plist";
				IPHONEOS_DEPLOYMENT_TARGET = 5.1;
				PRODUCT_NAME = "$(TARGET_NAME)";
				WRAPPER_EXTENSION = app;
			};
			name = Debug;
		};
		B72FE54917416BED00964DC4 /* Release */ = {
			isa = XCBuildConfiguration;
			buildSettings = {
				GCC_PRECOMPILE_PREFIX_HEADER = YES;
				GCC_PREFIX_HEADER = "UnitasPR/UnitasPR-Prefix.pch";
				INFOPLIST_FILE = "UnitasPR/UnitasPR-Info.plist";
				IPHONEOS_DEPLOYMENT_TARGET = 5.1;
				PRODUCT_NAME = "$(TARGET_NAME)";
				WRAPPER_EXTENSION = app;
			};
			name = Release;
		};
/* End XCBuildConfiguration section */

/* Begin XCConfigurationList section */
		B72FE51C17416BEC00964DC4 /* Build configuration list for PBXProject "UnitasPR" */ = {
			isa = XCConfigurationList;
			buildConfigurations = (
				B72FE54517416BED00964DC4 /* Debug */,
				B72FE54617416BED00964DC4 /* Release */,
			);
			defaultConfigurationIsVisible = 0;
			defaultConfigurationName = Release;
		};
		B72FE54717416BED00964DC4 /* Build configuration list for PBXNativeTarget "UnitasPR" */ = {
			isa = XCConfigurationList;
			buildConfigurations = (
				B72FE54817416BED00964DC4 /* Debug */,
				B72FE54917416BED00964DC4 /* Release */,
			);
			defaultConfigurationIsVisible = 0;
			defaultConfigurationName = Release;
		};
/* End XCConfigurationList section */
	};
	rootObject = B72FE51917416BEC00964DC4 /* Project object */;
}
